// !$*UTF8*$!
{
	archiveVersion = 1;
	classes = {
	};
	objectVersion = 55;
	objects = {

/* Begin PBXBuildFile section */
		247CF253A69E4117CEFF52B8 /* Pods_CatchLunch_CatchLunchUITests.framework in Frameworks */ = {isa = PBXBuildFile; fileRef = A2F1D2CDE513ECFD5996C11C /* Pods_CatchLunch_CatchLunchUITests.framework */; };
		3B38600C6E2A9569598B8DFC /* Pods_CatchLunchTests.framework in Frameworks */ = {isa = PBXBuildFile; fileRef = 9D42ECD857F501C57BB5CB1F /* Pods_CatchLunchTests.framework */; };
		63018DEA27C9064F00363F00 /* MockSession.swift in Sources */ = {isa = PBXBuildFile; fileRef = 63018DE927C9064F00363F00 /* MockSession.swift */; };
		63018DEE27C9126900363F00 /* TestNetworkManager.swift in Sources */ = {isa = PBXBuildFile; fileRef = 63018DED27C9126900363F00 /* TestNetworkManager.swift */; };
		63018DF227C92B6200363F00 /* NaverImageSearcher.swift in Sources */ = {isa = PBXBuildFile; fileRef = 63018DF127C92B6200363F00 /* NaverImageSearcher.swift */; };
		63125BE72800152600AB1549 /* LocationService.swift in Sources */ = {isa = PBXBuildFile; fileRef = 63125BE62800152600AB1549 /* LocationService.swift */; };
		63137BA027E9910500874F73 /* CautionViewController.swift in Sources */ = {isa = PBXBuildFile; fileRef = 63137B9F27E9910500874F73 /* CautionViewController.swift */; };
		631BAA2927DB959C00A59AAA /* MockURLProtocol.swift in Sources */ = {isa = PBXBuildFile; fileRef = 631BAA2827DB959C00A59AAA /* MockURLProtocol.swift */; };
		631BAA2B27DB965B00A59AAA /* DummyURLRequest.swift in Sources */ = {isa = PBXBuildFile; fileRef = 631BAA2A27DB965B00A59AAA /* DummyURLRequest.swift */; };
		6325642327DC8C49008D4195 /* DummyError.swift in Sources */ = {isa = PBXBuildFile; fileRef = 6325642227DC8C49008D4195 /* DummyError.swift */; };
		6329D66727CAA60300B0E1DC /* DummyText.txt in Resources */ = {isa = PBXBuildFile; fileRef = 6329D66627CAA60300B0E1DC /* DummyText.txt */; };
		632B2B0C27CF9E9B00B7AB94 /* Coordinatorable.swift in Sources */ = {isa = PBXBuildFile; fileRef = 632B2B0B27CF9E9B00B7AB94 /* Coordinatorable.swift */; };
		632B2D0F27CFC6760018BECC /* GyeonggiRestaurantsAPIResult.swift in Sources */ = {isa = PBXBuildFile; fileRef = 632B2D0E27CFC6760018BECC /* GyeonggiRestaurantsAPIResult.swift */; };
		632F73B027E88AEC00C24313 /* ConfigurationCoordinator.swift in Sources */ = {isa = PBXBuildFile; fileRef = 632F73AF27E88AEC00C24313 /* ConfigurationCoordinator.swift */; };
		632F73B327E88C2400C24313 /* ConfigurationViewController.swift in Sources */ = {isa = PBXBuildFile; fileRef = 632F73B227E88C2400C24313 /* ConfigurationViewController.swift */; };
		6331915E27E895E0004E8ECB /* GuideButton.swift in Sources */ = {isa = PBXBuildFile; fileRef = 6331915D27E895E0004E8ECB /* GuideButton.swift */; };
		6331916227E89D1B004E8ECB /* GyeonggiParagonRestaurantSearcher.swift in Sources */ = {isa = PBXBuildFile; fileRef = 6331916127E89D1B004E8ECB /* GyeonggiParagonRestaurantSearcher.swift */; };
		6331916427E89E2C004E8ECB /* GyeonggiParagonRestaurantsAPIResult.swift in Sources */ = {isa = PBXBuildFile; fileRef = 6331916327E89E2C004E8ECB /* GyeonggiParagonRestaurantsAPIResult.swift */; };
		6332C41D27DDD3B0005F0ED5 /* RestaurantsBookmarkService.swift in Sources */ = {isa = PBXBuildFile; fileRef = 6332C41C27DDD3B0005F0ED5 /* RestaurantsBookmarkService.swift */; };
		633B069727E44C2C007024B5 /* ImageSearchError.swift in Sources */ = {isa = PBXBuildFile; fileRef = 633B069627E44C2C007024B5 /* ImageSearchError.swift */; };
		633B069927E477E6007024B5 /* DaumImageSearcher.swift in Sources */ = {isa = PBXBuildFile; fileRef = 633B069827E477E6007024B5 /* DaumImageSearcher.swift */; };
		633F760327F48E910045B7D8 /* MapRouteViewModel.swift in Sources */ = {isa = PBXBuildFile; fileRef = 633F760227F48E910045B7D8 /* MapRouteViewModel.swift */; };
		633F760527F498920045B7D8 /* NSDirectionalEdgeInsets+.swift in Sources */ = {isa = PBXBuildFile; fileRef = 633F760427F498920045B7D8 /* NSDirectionalEdgeInsets+.swift */; };
		63419AB327D1134E008F28D4 /* TestGyeonggiRestaurantsSearcher.swift in Sources */ = {isa = PBXBuildFile; fileRef = 63419AB227D1134E008F28D4 /* TestGyeonggiRestaurantsSearcher.swift */; };
		634C229227DB78240011EDBB /* MapMarker.swift in Sources */ = {isa = PBXBuildFile; fileRef = 634C229127DB78240011EDBB /* MapMarker.swift */; };
		634C229527DB8B170011EDBB /* CatchLunch.xcdatamodeld in Sources */ = {isa = PBXBuildFile; fileRef = 634C229327DB8B170011EDBB /* CatchLunch.xcdatamodeld */; };
		634C229927DB8CBC0011EDBB /* CDModelManager.swift in Sources */ = {isa = PBXBuildFile; fileRef = 634C229827DB8CBC0011EDBB /* CDModelManager.swift */; };
		63667CF227CDDE71008677C2 /* TestRestaurantViewModel.swift in Sources */ = {isa = PBXBuildFile; fileRef = 63667CF127CDDE71008677C2 /* TestRestaurantViewModel.swift */; };
		63667CF427CDDEEE008677C2 /* MockGyeonggiRestaurantSearcher.swift in Sources */ = {isa = PBXBuildFile; fileRef = 63667CF327CDDEEE008677C2 /* MockGyeonggiRestaurantSearcher.swift */; };
		6367CED627C7F60F007E0735 /* Assets.xcassets in Resources */ = {isa = PBXBuildFile; fileRef = 6367CEC227C7F60F007E0735 /* Assets.xcassets */; };
		6367CED727C7F60F007E0735 /* AppDelegate.swift in Sources */ = {isa = PBXBuildFile; fileRef = 6367CEC327C7F60F007E0735 /* AppDelegate.swift */; };
		6367CED927C7F60F007E0735 /* SceneDelegate.swift in Sources */ = {isa = PBXBuildFile; fileRef = 6367CEC527C7F60F007E0735 /* SceneDelegate.swift */; };
		6367CEDA27C7F60F007E0735 /* RestaurantsViewController.swift in Sources */ = {isa = PBXBuildFile; fileRef = 6367CEC727C7F60F007E0735 /* RestaurantsViewController.swift */; };
		6367CEDB27C7F60F007E0735 /* Coordinate2D.swift in Sources */ = {isa = PBXBuildFile; fileRef = 6367CECA27C7F60F007E0735 /* Coordinate2D.swift */; };
		6367CEDC27C7F60F007E0735 /* Bookmarkable.swift in Sources */ = {isa = PBXBuildFile; fileRef = 6367CECB27C7F60F007E0735 /* Bookmarkable.swift */; };
		6367CEDD27C7F60F007E0735 /* Restaurant.swift in Sources */ = {isa = PBXBuildFile; fileRef = 6367CECC27C7F60F007E0735 /* Restaurant.swift */; };
		6367CEDE27C7F60F007E0735 /* RestaurantInformation.swift in Sources */ = {isa = PBXBuildFile; fileRef = 6367CECD27C7F60F007E0735 /* RestaurantInformation.swift */; };
		6367CEDF27C7F60F007E0735 /* LaunchScreen.storyboard in Resources */ = {isa = PBXBuildFile; fileRef = 6367CECF27C7F60F007E0735 /* LaunchScreen.storyboard */; };
		6367CEE027C7F60F007E0735 /* SearchServiceable.swift in Sources */ = {isa = PBXBuildFile; fileRef = 6367CED327C7F60F007E0735 /* SearchServiceable.swift */; };
		6367CEE127C7F60F007E0735 /* BookmarkService.swift in Sources */ = {isa = PBXBuildFile; fileRef = 6367CED427C7F60F007E0735 /* BookmarkService.swift */; };
		6369AC9A27D725D50076719E /* RestaurantCoordinator.swift in Sources */ = {isa = PBXBuildFile; fileRef = 6369AC9927D725D50076719E /* RestaurantCoordinator.swift */; };
		6369AC9D27D7298D0076719E /* RestaurantDetailViewController.swift in Sources */ = {isa = PBXBuildFile; fileRef = 6369AC9C27D7298D0076719E /* RestaurantDetailViewController.swift */; };
		6369ACA027D7389F0076719E /* RestaurantDetailView.swift in Sources */ = {isa = PBXBuildFile; fileRef = 6369AC9F27D7389F0076719E /* RestaurantDetailView.swift */; };
		6369B44927F4A528008F9106 /* CGFloat+.swift in Sources */ = {isa = PBXBuildFile; fileRef = 6369B44827F4A528008F9106 /* CGFloat+.swift */; };
		6369B44C27F4AD94008F9106 /* MapRoutingCoordinator.swift in Sources */ = {isa = PBXBuildFile; fileRef = 6369B44B27F4AD94008F9106 /* MapRoutingCoordinator.swift */; };
		636A347727FF22B00084B456 /* MapRoutingViewController.swift in Sources */ = {isa = PBXBuildFile; fileRef = 636A347627FF22B00084B456 /* MapRoutingViewController.swift */; };
		636A7C2927D62B11000EA2FE /* Notification.Name+.swift in Sources */ = {isa = PBXBuildFile; fileRef = 636A7C2827D62B11000EA2FE /* Notification.Name+.swift */; };
		636A7C2C27D64157000EA2FE /* RestaurantsViewModelContainer.swift in Sources */ = {isa = PBXBuildFile; fileRef = 636A7C2B27D64157000EA2FE /* RestaurantsViewModelContainer.swift */; };
		636A7C2E27D64971000EA2FE /* RootCoordinator.swift in Sources */ = {isa = PBXBuildFile; fileRef = 636A7C2D27D64971000EA2FE /* RootCoordinator.swift */; };
		636DDE2E27F2BC6200D35E54 /* MapRouter.swift in Sources */ = {isa = PBXBuildFile; fileRef = 636DDE2D27F2BC6200D35E54 /* MapRouter.swift */; };
		636DDE3027F2BE2900D35E54 /* Notifier.swift in Sources */ = {isa = PBXBuildFile; fileRef = 636DDE2F27F2BE2900D35E54 /* Notifier.swift */; };
		636DDE3327F2CF7900D35E54 /* MapRouterError.swift in Sources */ = {isa = PBXBuildFile; fileRef = 636DDE3227F2CF7900D35E54 /* MapRouterError.swift */; };
		6375C8BC27CA7BCC00F1D60F /* MockImageNetworkManager.swift in Sources */ = {isa = PBXBuildFile; fileRef = 6375C8BB27CA7BCC00F1D60F /* MockImageNetworkManager.swift */; };
		6375C8BE27CA7D6200F1D60F /* DummyImage.jpg in Resources */ = {isa = PBXBuildFile; fileRef = 6375C8BD27CA7D6200F1D60F /* DummyImage.jpg */; };
		6375C8C027CA7EDD00F1D60F /* TestImageSearcher.swift in Sources */ = {isa = PBXBuildFile; fileRef = 6375C8BF27CA7EDD00F1D60F /* TestImageSearcher.swift */; };
		6375C8C327CA880700F1D60F /* ViewModelable.swift in Sources */ = {isa = PBXBuildFile; fileRef = 6375C8C227CA880700F1D60F /* ViewModelable.swift */; };
		6375C8C527CA91F600F1D60F /* NaverImageSearchResult.swift in Sources */ = {isa = PBXBuildFile; fileRef = 6375C8C427CA91F600F1D60F /* NaverImageSearchResult.swift */; };
		63768F1827E6FEC9009E3380 /* URLFactory.swift in Sources */ = {isa = PBXBuildFile; fileRef = 63768F1727E6FEC9009E3380 /* URLFactory.swift */; };
		63768F1A27E70049009E3380 /* DaumImageSearchResult.swift in Sources */ = {isa = PBXBuildFile; fileRef = 63768F1927E70049009E3380 /* DaumImageSearchResult.swift */; };
		63768F1C27E7048A009E3380 /* AbstarctImageSearcher.swift in Sources */ = {isa = PBXBuildFile; fileRef = 63768F1B27E7048A009E3380 /* AbstarctImageSearcher.swift */; };
		6379AFBB27C8E48300F84A91 /* NetworkError.swift in Sources */ = {isa = PBXBuildFile; fileRef = 6379AFBA27C8E48300F84A91 /* NetworkError.swift */; };
		6379AFC027C8FE0000F84A91 /* Sessionable.swift in Sources */ = {isa = PBXBuildFile; fileRef = 6379AFBF27C8FE0000F84A91 /* Sessionable.swift */; };
		63852DD927D1D1AA004D90C6 /* StubImageSearchResult.swift in Sources */ = {isa = PBXBuildFile; fileRef = 63852DD827D1D1AA004D90C6 /* StubImageSearchResult.swift */; };
		63852DDB27D1E6AB004D90C6 /* ImageViewModel.swift in Sources */ = {isa = PBXBuildFile; fileRef = 63852DDA27D1E6AB004D90C6 /* ImageViewModel.swift */; };
		63852DDD27D1E96D004D90C6 /* MockNaverImageSearcher.swift in Sources */ = {isa = PBXBuildFile; fileRef = 63852DDC27D1E96D004D90C6 /* MockNaverImageSearcher.swift */; };
		63852DDF27D1E9B4004D90C6 /* TestImageViewModel.swift in Sources */ = {isa = PBXBuildFile; fileRef = 63852DDE27D1E9B4004D90C6 /* TestImageViewModel.swift */; };
		6386669A27DF2A4B0060ACE5 /* UIEdgeInsets+.swift in Sources */ = {isa = PBXBuildFile; fileRef = 6386669927DF2A4B0060ACE5 /* UIEdgeInsets+.swift */; };
		6386669D27DF2C8A0060ACE5 /* SearchViewController.swift in Sources */ = {isa = PBXBuildFile; fileRef = 6386669C27DF2C8A0060ACE5 /* SearchViewController.swift */; };
		6386669F27DF51E60060ACE5 /* UIImage+.swift in Sources */ = {isa = PBXBuildFile; fileRef = 6386669E27DF51E60060ACE5 /* UIImage+.swift */; };
		638666A227DF58C90060ACE5 /* BookmarkedListViewModel.swift in Sources */ = {isa = PBXBuildFile; fileRef = 638666A127DF58C90060ACE5 /* BookmarkedListViewModel.swift */; };
		638666A427DF6D6C0060ACE5 /* BookmarkdListViewController.swift in Sources */ = {isa = PBXBuildFile; fileRef = 638666A327DF6D6C0060ACE5 /* BookmarkdListViewController.swift */; };
		6396388A27DA20C00099C872 /* UIView+.swift in Sources */ = {isa = PBXBuildFile; fileRef = 6396388927DA20C00099C872 /* UIView+.swift */; };
		63A3827D280016C9008BAF42 /* LocationServiceError.swift in Sources */ = {isa = PBXBuildFile; fileRef = 63A3827C280016C9008BAF42 /* LocationServiceError.swift */; };
		63A6B33B27CCB3F10059C283 /* HiddenConfiguration.swift in Sources */ = {isa = PBXBuildFile; fileRef = 63A6B33A27CCB3F10059C283 /* HiddenConfiguration.swift */; };
		63A71BC727C7FB2900820C0C /* StubJsonToTest.swift in Sources */ = {isa = PBXBuildFile; fileRef = 63A71BC627C7FB2900820C0C /* StubJsonToTest.swift */; };
		63A71BCA27C7FC3300820C0C /* Pods_CatchLunch.framework in Frameworks */ = {isa = PBXBuildFile; fileRef = 63A71BC927C7FC3300820C0C /* Pods_CatchLunch.framework */; settings = {ATTRIBUTES = (Required, ); }; };
		63AB1D5B27E07D6000ABA48E /* CopyRightViewController.swift in Sources */ = {isa = PBXBuildFile; fileRef = 63AB1D5A27E07D6000ABA48E /* CopyRightViewController.swift */; };
		63C448D027C7F37300F7063B /* TestRestaurantSummary.swift in Sources */ = {isa = PBXBuildFile; fileRef = 63C448CF27C7F37300F7063B /* TestRestaurantSummary.swift */; };
		63C448DD27C7F38800F7063B /* CatchLunchUITests.swift in Sources */ = {isa = PBXBuildFile; fileRef = 63C448DC27C7F38800F7063B /* CatchLunchUITests.swift */; };
		63C448DF27C7F38800F7063B /* CatchLunchUITestsLaunchTests.swift in Sources */ = {isa = PBXBuildFile; fileRef = 63C448DE27C7F38800F7063B /* CatchLunchUITestsLaunchTests.swift */; };
		63CB89B027D5C979007300C8 /* RestaurantsViewDataSource.swift in Sources */ = {isa = PBXBuildFile; fileRef = 63CB89AF27D5C979007300C8 /* RestaurantsViewDataSource.swift */; };
		63CB89B327D5C9AA007300C8 /* RestaurantsViewCell.swift in Sources */ = {isa = PBXBuildFile; fileRef = 63CB89B227D5C9AA007300C8 /* RestaurantsViewCell.swift */; };
		63CB89B627D5DF85007300C8 /* String+.swift in Sources */ = {isa = PBXBuildFile; fileRef = 63CB89B527D5DF85007300C8 /* String+.swift */; };
		63CB89B827D5E06A007300C8 /* UIStackView+.swift in Sources */ = {isa = PBXBuildFile; fileRef = 63CB89B727D5E06A007300C8 /* UIStackView+.swift */; };
		63CB89BA27D5E24A007300C8 /* RestaurantsViewDelegate.swift in Sources */ = {isa = PBXBuildFile; fileRef = 63CB89B927D5E24A007300C8 /* RestaurantsViewDelegate.swift */; };
		63CBDB9B2801AC0C00604B3C /* MapKit.framework in Frameworks */ = {isa = PBXBuildFile; fileRef = 63CBDB9A2801AC0C00604B3C /* MapKit.framework */; };
		63D8199C27CF78E400F5FAC7 /* StubGyeonggiAPIResult.swift in Sources */ = {isa = PBXBuildFile; fileRef = 63D8199B27CF78E400F5FAC7 /* StubGyeonggiAPIResult.swift */; };
		63DE3E3927C898F800A32868 /* NetworkManagable.swift in Sources */ = {isa = PBXBuildFile; fileRef = 63DE3E3827C898F800A32868 /* NetworkManagable.swift */; };
		63DE3E3C27C8996000A32868 /* NetworkManager.swift in Sources */ = {isa = PBXBuildFile; fileRef = 63DE3E3B27C8996000A32868 /* NetworkManager.swift */; };
		63DE3E3E27C8A81D00A32868 /* GyeonggiRestaurantsSearcher.swift in Sources */ = {isa = PBXBuildFile; fileRef = 63DE3E3D27C8A81D00A32868 /* GyeonggiRestaurantsSearcher.swift */; };
		63DE3E4227C8C71B00A32868 /* MockRestaurantNetworkManager.swift in Sources */ = {isa = PBXBuildFile; fileRef = 63DE3E4127C8C71B00A32868 /* MockRestaurantNetworkManager.swift */; };
		63E0347327CCA5E700CB7613 /* RestaurantListViewModel.swift in Sources */ = {isa = PBXBuildFile; fileRef = 63E0347227CCA5E700CB7613 /* RestaurantListViewModel.swift */; };
		63F3D15127DE0A6200A18554 /* BookmarkableViewModel.swift in Sources */ = {isa = PBXBuildFile; fileRef = 63F3D15027DE0A6200A18554 /* BookmarkableViewModel.swift */; };
		63F3D15327DE11B300A18554 /* RestaurantDetailViewModel.swift in Sources */ = {isa = PBXBuildFile; fileRef = 63F3D15227DE11B300A18554 /* RestaurantDetailViewModel.swift */; };
		63FE058127CF5AF9006AB8D2 /* AsyncAfter.swift in Sources */ = {isa = PBXBuildFile; fileRef = 63FE058027CF5AF9006AB8D2 /* AsyncAfter.swift */; };
/* End PBXBuildFile section */

/* Begin PBXContainerItemProxy section */
		63C448D127C7F37300F7063B /* PBXContainerItemProxy */ = {
			isa = PBXContainerItemProxy;
			containerPortal = 63F0271227C7F2A900680D0B /* Project object */;
			proxyType = 1;
			remoteGlobalIDString = 63F0271927C7F2A900680D0B;
			remoteInfo = CatchLunch;
		};
		63C448E027C7F38800F7063B /* PBXContainerItemProxy */ = {
			isa = PBXContainerItemProxy;
			containerPortal = 63F0271227C7F2A900680D0B /* Project object */;
			proxyType = 1;
			remoteGlobalIDString = 63F0271927C7F2A900680D0B;
			remoteInfo = CatchLunch;
		};
/* End PBXContainerItemProxy section */

/* Begin PBXFileReference section */
		1639C52AB2DBDBDD4C509CC4 /* Pods-CatchLunch-CatchLunchUITests.debug.xcconfig */ = {isa = PBXFileReference; includeInIndex = 1; lastKnownFileType = text.xcconfig; name = "Pods-CatchLunch-CatchLunchUITests.debug.xcconfig"; path = "Target Support Files/Pods-CatchLunch-CatchLunchUITests/Pods-CatchLunch-CatchLunchUITests.debug.xcconfig"; sourceTree = "<group>"; };
		22E9B16608B2EB0EA8037F1E /* Pods-CatchLunch.release.xcconfig */ = {isa = PBXFileReference; includeInIndex = 1; lastKnownFileType = text.xcconfig; name = "Pods-CatchLunch.release.xcconfig"; path = "Target Support Files/Pods-CatchLunch/Pods-CatchLunch.release.xcconfig"; sourceTree = "<group>"; };
		5FDE5E53BA6E93D8B7F3458E /* Pods_CatchLunch.framework */ = {isa = PBXFileReference; explicitFileType = wrapper.framework; includeInIndex = 0; path = Pods_CatchLunch.framework; sourceTree = BUILT_PRODUCTS_DIR; };
		63018DE927C9064F00363F00 /* MockSession.swift */ = {isa = PBXFileReference; lastKnownFileType = sourcecode.swift; path = MockSession.swift; sourceTree = "<group>"; };
		63018DED27C9126900363F00 /* TestNetworkManager.swift */ = {isa = PBXFileReference; lastKnownFileType = sourcecode.swift; path = TestNetworkManager.swift; sourceTree = "<group>"; };
		63018DF127C92B6200363F00 /* NaverImageSearcher.swift */ = {isa = PBXFileReference; lastKnownFileType = sourcecode.swift; path = NaverImageSearcher.swift; sourceTree = "<group>"; };
		63125BE62800152600AB1549 /* LocationService.swift */ = {isa = PBXFileReference; lastKnownFileType = sourcecode.swift; path = LocationService.swift; sourceTree = "<group>"; };
		63137B9F27E9910500874F73 /* CautionViewController.swift */ = {isa = PBXFileReference; lastKnownFileType = sourcecode.swift; path = CautionViewController.swift; sourceTree = "<group>"; };
		631BAA2827DB959C00A59AAA /* MockURLProtocol.swift */ = {isa = PBXFileReference; lastKnownFileType = sourcecode.swift; path = MockURLProtocol.swift; sourceTree = "<group>"; };
		631BAA2A27DB965B00A59AAA /* DummyURLRequest.swift */ = {isa = PBXFileReference; lastKnownFileType = sourcecode.swift; path = DummyURLRequest.swift; sourceTree = "<group>"; };
		6325642227DC8C49008D4195 /* DummyError.swift */ = {isa = PBXFileReference; lastKnownFileType = sourcecode.swift; path = DummyError.swift; sourceTree = "<group>"; };
		6329D66627CAA60300B0E1DC /* DummyText.txt */ = {isa = PBXFileReference; fileEncoding = 4; lastKnownFileType = text; path = DummyText.txt; sourceTree = "<group>"; };
		632B2B0B27CF9E9B00B7AB94 /* Coordinatorable.swift */ = {isa = PBXFileReference; lastKnownFileType = sourcecode.swift; path = Coordinatorable.swift; sourceTree = "<group>"; };
		632B2D0E27CFC6760018BECC /* GyeonggiRestaurantsAPIResult.swift */ = {isa = PBXFileReference; lastKnownFileType = sourcecode.swift; path = GyeonggiRestaurantsAPIResult.swift; sourceTree = "<group>"; };
		632F73AF27E88AEC00C24313 /* ConfigurationCoordinator.swift */ = {isa = PBXFileReference; lastKnownFileType = sourcecode.swift; path = ConfigurationCoordinator.swift; sourceTree = "<group>"; };
		632F73B227E88C2400C24313 /* ConfigurationViewController.swift */ = {isa = PBXFileReference; lastKnownFileType = sourcecode.swift; path = ConfigurationViewController.swift; sourceTree = "<group>"; };
		6331915D27E895E0004E8ECB /* GuideButton.swift */ = {isa = PBXFileReference; lastKnownFileType = sourcecode.swift; path = GuideButton.swift; sourceTree = "<group>"; };
		6331916127E89D1B004E8ECB /* GyeonggiParagonRestaurantSearcher.swift */ = {isa = PBXFileReference; lastKnownFileType = sourcecode.swift; path = GyeonggiParagonRestaurantSearcher.swift; sourceTree = "<group>"; };
		6331916327E89E2C004E8ECB /* GyeonggiParagonRestaurantsAPIResult.swift */ = {isa = PBXFileReference; lastKnownFileType = sourcecode.swift; path = GyeonggiParagonRestaurantsAPIResult.swift; sourceTree = "<group>"; };
		6332C41C27DDD3B0005F0ED5 /* RestaurantsBookmarkService.swift */ = {isa = PBXFileReference; lastKnownFileType = sourcecode.swift; path = RestaurantsBookmarkService.swift; sourceTree = "<group>"; };
		633B069627E44C2C007024B5 /* ImageSearchError.swift */ = {isa = PBXFileReference; lastKnownFileType = sourcecode.swift; path = ImageSearchError.swift; sourceTree = "<group>"; };
		633B069827E477E6007024B5 /* DaumImageSearcher.swift */ = {isa = PBXFileReference; lastKnownFileType = sourcecode.swift; path = DaumImageSearcher.swift; sourceTree = "<group>"; };
		633F760227F48E910045B7D8 /* MapRouteViewModel.swift */ = {isa = PBXFileReference; lastKnownFileType = sourcecode.swift; path = MapRouteViewModel.swift; sourceTree = "<group>"; };
		633F760427F498920045B7D8 /* NSDirectionalEdgeInsets+.swift */ = {isa = PBXFileReference; lastKnownFileType = sourcecode.swift; path = "NSDirectionalEdgeInsets+.swift"; sourceTree = "<group>"; };
		63419AB227D1134E008F28D4 /* TestGyeonggiRestaurantsSearcher.swift */ = {isa = PBXFileReference; fileEncoding = 4; lastKnownFileType = sourcecode.swift; path = TestGyeonggiRestaurantsSearcher.swift; sourceTree = "<group>"; };
		634C229127DB78240011EDBB /* MapMarker.swift */ = {isa = PBXFileReference; lastKnownFileType = sourcecode.swift; path = MapMarker.swift; sourceTree = "<group>"; };
		634C229427DB8B170011EDBB /* Restaurants.xcdatamodel */ = {isa = PBXFileReference; explicitFileType = wrapper.xcdatamodel; path = Restaurants.xcdatamodel; sourceTree = "<group>"; };
		634C229827DB8CBC0011EDBB /* CDModelManager.swift */ = {isa = PBXFileReference; lastKnownFileType = sourcecode.swift; path = CDModelManager.swift; sourceTree = "<group>"; };
		63667CF127CDDE71008677C2 /* TestRestaurantViewModel.swift */ = {isa = PBXFileReference; lastKnownFileType = sourcecode.swift; path = TestRestaurantViewModel.swift; sourceTree = "<group>"; };
		63667CF327CDDEEE008677C2 /* MockGyeonggiRestaurantSearcher.swift */ = {isa = PBXFileReference; lastKnownFileType = sourcecode.swift; path = MockGyeonggiRestaurantSearcher.swift; sourceTree = "<group>"; };
		6367CEC227C7F60F007E0735 /* Assets.xcassets */ = {isa = PBXFileReference; lastKnownFileType = folder.assetcatalog; path = Assets.xcassets; sourceTree = "<group>"; };
		6367CEC327C7F60F007E0735 /* AppDelegate.swift */ = {isa = PBXFileReference; fileEncoding = 4; lastKnownFileType = sourcecode.swift; path = AppDelegate.swift; sourceTree = "<group>"; };
		6367CEC527C7F60F007E0735 /* SceneDelegate.swift */ = {isa = PBXFileReference; fileEncoding = 4; lastKnownFileType = sourcecode.swift; path = SceneDelegate.swift; sourceTree = "<group>"; };
		6367CEC727C7F60F007E0735 /* RestaurantsViewController.swift */ = {isa = PBXFileReference; fileEncoding = 4; lastKnownFileType = sourcecode.swift; path = RestaurantsViewController.swift; sourceTree = "<group>"; };
		6367CECA27C7F60F007E0735 /* Coordinate2D.swift */ = {isa = PBXFileReference; fileEncoding = 4; lastKnownFileType = sourcecode.swift; path = Coordinate2D.swift; sourceTree = "<group>"; };
		6367CECB27C7F60F007E0735 /* Bookmarkable.swift */ = {isa = PBXFileReference; fileEncoding = 4; lastKnownFileType = sourcecode.swift; path = Bookmarkable.swift; sourceTree = "<group>"; };
		6367CECC27C7F60F007E0735 /* Restaurant.swift */ = {isa = PBXFileReference; fileEncoding = 4; lastKnownFileType = sourcecode.swift; path = Restaurant.swift; sourceTree = "<group>"; };
		6367CECD27C7F60F007E0735 /* RestaurantInformation.swift */ = {isa = PBXFileReference; fileEncoding = 4; lastKnownFileType = sourcecode.swift; path = RestaurantInformation.swift; sourceTree = "<group>"; };
		6367CED027C7F60F007E0735 /* Base */ = {isa = PBXFileReference; lastKnownFileType = file.storyboard; name = Base; path = Base.lproj/LaunchScreen.storyboard; sourceTree = "<group>"; };
		6367CED327C7F60F007E0735 /* SearchServiceable.swift */ = {isa = PBXFileReference; fileEncoding = 4; lastKnownFileType = sourcecode.swift; path = SearchServiceable.swift; sourceTree = "<group>"; };
		6367CED427C7F60F007E0735 /* BookmarkService.swift */ = {isa = PBXFileReference; fileEncoding = 4; lastKnownFileType = sourcecode.swift; path = BookmarkService.swift; sourceTree = "<group>"; };
		6369AC9927D725D50076719E /* RestaurantCoordinator.swift */ = {isa = PBXFileReference; lastKnownFileType = sourcecode.swift; path = RestaurantCoordinator.swift; sourceTree = "<group>"; };
		6369AC9C27D7298D0076719E /* RestaurantDetailViewController.swift */ = {isa = PBXFileReference; lastKnownFileType = sourcecode.swift; path = RestaurantDetailViewController.swift; sourceTree = "<group>"; };
		6369AC9F27D7389F0076719E /* RestaurantDetailView.swift */ = {isa = PBXFileReference; lastKnownFileType = sourcecode.swift; path = RestaurantDetailView.swift; sourceTree = "<group>"; };
		6369B44827F4A528008F9106 /* CGFloat+.swift */ = {isa = PBXFileReference; lastKnownFileType = sourcecode.swift; path = "CGFloat+.swift"; sourceTree = "<group>"; };
		6369B44B27F4AD94008F9106 /* MapRoutingCoordinator.swift */ = {isa = PBXFileReference; lastKnownFileType = sourcecode.swift; path = MapRoutingCoordinator.swift; sourceTree = "<group>"; };
		636A347627FF22B00084B456 /* MapRoutingViewController.swift */ = {isa = PBXFileReference; lastKnownFileType = sourcecode.swift; path = MapRoutingViewController.swift; sourceTree = "<group>"; };
		636A7C2827D62B11000EA2FE /* Notification.Name+.swift */ = {isa = PBXFileReference; lastKnownFileType = sourcecode.swift; path = "Notification.Name+.swift"; sourceTree = "<group>"; };
		636A7C2B27D64157000EA2FE /* RestaurantsViewModelContainer.swift */ = {isa = PBXFileReference; lastKnownFileType = sourcecode.swift; path = RestaurantsViewModelContainer.swift; sourceTree = "<group>"; };
		636A7C2D27D64971000EA2FE /* RootCoordinator.swift */ = {isa = PBXFileReference; lastKnownFileType = sourcecode.swift; path = RootCoordinator.swift; sourceTree = "<group>"; };
		636DDE2D27F2BC6200D35E54 /* MapRouter.swift */ = {isa = PBXFileReference; lastKnownFileType = sourcecode.swift; path = MapRouter.swift; sourceTree = "<group>"; };
		636DDE2F27F2BE2900D35E54 /* Notifier.swift */ = {isa = PBXFileReference; lastKnownFileType = sourcecode.swift; path = Notifier.swift; sourceTree = "<group>"; };
		636DDE3227F2CF7900D35E54 /* MapRouterError.swift */ = {isa = PBXFileReference; lastKnownFileType = sourcecode.swift; path = MapRouterError.swift; sourceTree = "<group>"; };
		6375C8BB27CA7BCC00F1D60F /* MockImageNetworkManager.swift */ = {isa = PBXFileReference; lastKnownFileType = sourcecode.swift; path = MockImageNetworkManager.swift; sourceTree = "<group>"; };
		6375C8BD27CA7D6200F1D60F /* DummyImage.jpg */ = {isa = PBXFileReference; lastKnownFileType = image.jpeg; path = DummyImage.jpg; sourceTree = "<group>"; };
		6375C8BF27CA7EDD00F1D60F /* TestImageSearcher.swift */ = {isa = PBXFileReference; lastKnownFileType = sourcecode.swift; path = TestImageSearcher.swift; sourceTree = "<group>"; };
		6375C8C227CA880700F1D60F /* ViewModelable.swift */ = {isa = PBXFileReference; lastKnownFileType = sourcecode.swift; path = ViewModelable.swift; sourceTree = "<group>"; };
		6375C8C427CA91F600F1D60F /* NaverImageSearchResult.swift */ = {isa = PBXFileReference; lastKnownFileType = sourcecode.swift; path = NaverImageSearchResult.swift; sourceTree = "<group>"; };
		63768F1727E6FEC9009E3380 /* URLFactory.swift */ = {isa = PBXFileReference; lastKnownFileType = sourcecode.swift; path = URLFactory.swift; sourceTree = "<group>"; };
		63768F1927E70049009E3380 /* DaumImageSearchResult.swift */ = {isa = PBXFileReference; lastKnownFileType = sourcecode.swift; path = DaumImageSearchResult.swift; sourceTree = "<group>"; };
		63768F1B27E7048A009E3380 /* AbstarctImageSearcher.swift */ = {isa = PBXFileReference; lastKnownFileType = sourcecode.swift; path = AbstarctImageSearcher.swift; sourceTree = "<group>"; };
		6379AFBA27C8E48300F84A91 /* NetworkError.swift */ = {isa = PBXFileReference; lastKnownFileType = sourcecode.swift; path = NetworkError.swift; sourceTree = "<group>"; };
		6379AFBF27C8FE0000F84A91 /* Sessionable.swift */ = {isa = PBXFileReference; fileEncoding = 4; lastKnownFileType = sourcecode.swift; path = Sessionable.swift; sourceTree = "<group>"; };
		63852DD827D1D1AA004D90C6 /* StubImageSearchResult.swift */ = {isa = PBXFileReference; lastKnownFileType = sourcecode.swift; path = StubImageSearchResult.swift; sourceTree = "<group>"; };
		63852DDA27D1E6AB004D90C6 /* ImageViewModel.swift */ = {isa = PBXFileReference; lastKnownFileType = sourcecode.swift; path = ImageViewModel.swift; sourceTree = "<group>"; };
		63852DDC27D1E96D004D90C6 /* MockNaverImageSearcher.swift */ = {isa = PBXFileReference; lastKnownFileType = sourcecode.swift; path = MockNaverImageSearcher.swift; sourceTree = "<group>"; };
		63852DDE27D1E9B4004D90C6 /* TestImageViewModel.swift */ = {isa = PBXFileReference; lastKnownFileType = sourcecode.swift; path = TestImageViewModel.swift; sourceTree = "<group>"; };
		6386669927DF2A4B0060ACE5 /* UIEdgeInsets+.swift */ = {isa = PBXFileReference; lastKnownFileType = sourcecode.swift; path = "UIEdgeInsets+.swift"; sourceTree = "<group>"; };
		6386669C27DF2C8A0060ACE5 /* SearchViewController.swift */ = {isa = PBXFileReference; lastKnownFileType = sourcecode.swift; path = SearchViewController.swift; sourceTree = "<group>"; };
		6386669E27DF51E60060ACE5 /* UIImage+.swift */ = {isa = PBXFileReference; lastKnownFileType = sourcecode.swift; path = "UIImage+.swift"; sourceTree = "<group>"; };
		638666A127DF58C90060ACE5 /* BookmarkedListViewModel.swift */ = {isa = PBXFileReference; lastKnownFileType = sourcecode.swift; path = BookmarkedListViewModel.swift; sourceTree = "<group>"; };
		638666A327DF6D6C0060ACE5 /* BookmarkdListViewController.swift */ = {isa = PBXFileReference; lastKnownFileType = sourcecode.swift; path = BookmarkdListViewController.swift; sourceTree = "<group>"; };
		6396388927DA20C00099C872 /* UIView+.swift */ = {isa = PBXFileReference; lastKnownFileType = sourcecode.swift; path = "UIView+.swift"; sourceTree = "<group>"; };
		63A3827C280016C9008BAF42 /* LocationServiceError.swift */ = {isa = PBXFileReference; lastKnownFileType = sourcecode.swift; path = LocationServiceError.swift; sourceTree = "<group>"; };
		63A6B33A27CCB3F10059C283 /* HiddenConfiguration.swift */ = {isa = PBXFileReference; lastKnownFileType = sourcecode.swift; path = HiddenConfiguration.swift; sourceTree = "<group>"; };
		63A71BC627C7FB2900820C0C /* StubJsonToTest.swift */ = {isa = PBXFileReference; fileEncoding = 4; lastKnownFileType = sourcecode.swift; path = StubJsonToTest.swift; sourceTree = "<group>"; };
		63A71BC927C7FC3300820C0C /* Pods_CatchLunch.framework */ = {isa = PBXFileReference; explicitFileType = wrapper.framework; path = Pods_CatchLunch.framework; sourceTree = BUILT_PRODUCTS_DIR; };
		63AB1D5A27E07D6000ABA48E /* CopyRightViewController.swift */ = {isa = PBXFileReference; lastKnownFileType = sourcecode.swift; path = CopyRightViewController.swift; sourceTree = "<group>"; };
		63C448CD27C7F37300F7063B /* CatchLunchTests.xctest */ = {isa = PBXFileReference; explicitFileType = wrapper.cfbundle; includeInIndex = 0; path = CatchLunchTests.xctest; sourceTree = BUILT_PRODUCTS_DIR; };
		63C448CF27C7F37300F7063B /* TestRestaurantSummary.swift */ = {isa = PBXFileReference; lastKnownFileType = sourcecode.swift; path = TestRestaurantSummary.swift; sourceTree = "<group>"; };
		63C448DA27C7F38800F7063B /* CatchLunchUITests.xctest */ = {isa = PBXFileReference; explicitFileType = wrapper.cfbundle; includeInIndex = 0; path = CatchLunchUITests.xctest; sourceTree = BUILT_PRODUCTS_DIR; };
		63C448DC27C7F38800F7063B /* CatchLunchUITests.swift */ = {isa = PBXFileReference; lastKnownFileType = sourcecode.swift; path = CatchLunchUITests.swift; sourceTree = "<group>"; };
		63C448DE27C7F38800F7063B /* CatchLunchUITestsLaunchTests.swift */ = {isa = PBXFileReference; lastKnownFileType = sourcecode.swift; path = CatchLunchUITestsLaunchTests.swift; sourceTree = "<group>"; };
		63CB89AF27D5C979007300C8 /* RestaurantsViewDataSource.swift */ = {isa = PBXFileReference; lastKnownFileType = sourcecode.swift; path = RestaurantsViewDataSource.swift; sourceTree = "<group>"; };
		63CB89B227D5C9AA007300C8 /* RestaurantsViewCell.swift */ = {isa = PBXFileReference; lastKnownFileType = sourcecode.swift; path = RestaurantsViewCell.swift; sourceTree = "<group>"; };
		63CB89B527D5DF85007300C8 /* String+.swift */ = {isa = PBXFileReference; lastKnownFileType = sourcecode.swift; path = "String+.swift"; sourceTree = "<group>"; };
		63CB89B727D5E06A007300C8 /* UIStackView+.swift */ = {isa = PBXFileReference; lastKnownFileType = sourcecode.swift; path = "UIStackView+.swift"; sourceTree = "<group>"; };
		63CB89B927D5E24A007300C8 /* RestaurantsViewDelegate.swift */ = {isa = PBXFileReference; lastKnownFileType = sourcecode.swift; path = RestaurantsViewDelegate.swift; sourceTree = "<group>"; };
		63CBDB9A2801AC0C00604B3C /* MapKit.framework */ = {isa = PBXFileReference; lastKnownFileType = wrapper.framework; name = MapKit.framework; path = System/Library/Frameworks/MapKit.framework; sourceTree = SDKROOT; };
		63D8199B27CF78E400F5FAC7 /* StubGyeonggiAPIResult.swift */ = {isa = PBXFileReference; lastKnownFileType = sourcecode.swift; path = StubGyeonggiAPIResult.swift; sourceTree = "<group>"; };
		63DE3E3827C898F800A32868 /* NetworkManagable.swift */ = {isa = PBXFileReference; lastKnownFileType = sourcecode.swift; path = NetworkManagable.swift; sourceTree = "<group>"; };
		63DE3E3B27C8996000A32868 /* NetworkManager.swift */ = {isa = PBXFileReference; lastKnownFileType = sourcecode.swift; path = NetworkManager.swift; sourceTree = "<group>"; };
		63DE3E3D27C8A81D00A32868 /* GyeonggiRestaurantsSearcher.swift */ = {isa = PBXFileReference; lastKnownFileType = sourcecode.swift; path = GyeonggiRestaurantsSearcher.swift; sourceTree = "<group>"; };
		63DE3E4127C8C71B00A32868 /* MockRestaurantNetworkManager.swift */ = {isa = PBXFileReference; lastKnownFileType = sourcecode.swift; path = MockRestaurantNetworkManager.swift; sourceTree = "<group>"; };
		63E0347227CCA5E700CB7613 /* RestaurantListViewModel.swift */ = {isa = PBXFileReference; lastKnownFileType = sourcecode.swift; path = RestaurantListViewModel.swift; sourceTree = "<group>"; };
		63E98B7527DD0CEE00088FBE /* Info.plist */ = {isa = PBXFileReference; lastKnownFileType = text.plist.xml; path = Info.plist; sourceTree = "<group>"; };
		63F0271A27C7F2A900680D0B /* CatchLunch.app */ = {isa = PBXFileReference; explicitFileType = wrapper.application; includeInIndex = 0; path = CatchLunch.app; sourceTree = BUILT_PRODUCTS_DIR; };
		63F3D15027DE0A6200A18554 /* BookmarkableViewModel.swift */ = {isa = PBXFileReference; lastKnownFileType = sourcecode.swift; path = BookmarkableViewModel.swift; sourceTree = "<group>"; };
		63F3D15227DE11B300A18554 /* RestaurantDetailViewModel.swift */ = {isa = PBXFileReference; lastKnownFileType = sourcecode.swift; path = RestaurantDetailViewModel.swift; sourceTree = "<group>"; };
		63FE058027CF5AF9006AB8D2 /* AsyncAfter.swift */ = {isa = PBXFileReference; lastKnownFileType = sourcecode.swift; path = AsyncAfter.swift; sourceTree = "<group>"; };
		777644171959F8BA17EAF3E9 /* Pods-CatchLunch.debug.xcconfig */ = {isa = PBXFileReference; includeInIndex = 1; lastKnownFileType = text.xcconfig; name = "Pods-CatchLunch.debug.xcconfig"; path = "Target Support Files/Pods-CatchLunch/Pods-CatchLunch.debug.xcconfig"; sourceTree = "<group>"; };
		9D42ECD857F501C57BB5CB1F /* Pods_CatchLunchTests.framework */ = {isa = PBXFileReference; explicitFileType = wrapper.framework; includeInIndex = 0; path = Pods_CatchLunchTests.framework; sourceTree = BUILT_PRODUCTS_DIR; };
		9D6B77A0E0D9AA839B531270 /* Pods-CatchLunchTests.debug.xcconfig */ = {isa = PBXFileReference; includeInIndex = 1; lastKnownFileType = text.xcconfig; name = "Pods-CatchLunchTests.debug.xcconfig"; path = "Target Support Files/Pods-CatchLunchTests/Pods-CatchLunchTests.debug.xcconfig"; sourceTree = "<group>"; };
		A2F1D2CDE513ECFD5996C11C /* Pods_CatchLunch_CatchLunchUITests.framework */ = {isa = PBXFileReference; explicitFileType = wrapper.framework; includeInIndex = 0; path = Pods_CatchLunch_CatchLunchUITests.framework; sourceTree = BUILT_PRODUCTS_DIR; };
		BB35135C1DD023ACF8047E51 /* Pods-CatchLunchTests.release.xcconfig */ = {isa = PBXFileReference; includeInIndex = 1; lastKnownFileType = text.xcconfig; name = "Pods-CatchLunchTests.release.xcconfig"; path = "Target Support Files/Pods-CatchLunchTests/Pods-CatchLunchTests.release.xcconfig"; sourceTree = "<group>"; };
		E9D8C5399437E13F6D1BD74F /* Pods-CatchLunch-CatchLunchUITests.release.xcconfig */ = {isa = PBXFileReference; includeInIndex = 1; lastKnownFileType = text.xcconfig; name = "Pods-CatchLunch-CatchLunchUITests.release.xcconfig"; path = "Target Support Files/Pods-CatchLunch-CatchLunchUITests/Pods-CatchLunch-CatchLunchUITests.release.xcconfig"; sourceTree = "<group>"; };
/* End PBXFileReference section */

/* Begin PBXFrameworksBuildPhase section */
		63C448CA27C7F37300F7063B /* Frameworks */ = {
			isa = PBXFrameworksBuildPhase;
			buildActionMask = 2147483647;
			files = (
				3B38600C6E2A9569598B8DFC /* Pods_CatchLunchTests.framework in Frameworks */,
			);
			runOnlyForDeploymentPostprocessing = 0;
		};
		63C448D727C7F38800F7063B /* Frameworks */ = {
			isa = PBXFrameworksBuildPhase;
			buildActionMask = 2147483647;
			files = (
				247CF253A69E4117CEFF52B8 /* Pods_CatchLunch_CatchLunchUITests.framework in Frameworks */,
			);
			runOnlyForDeploymentPostprocessing = 0;
		};
		63F0271727C7F2A900680D0B /* Frameworks */ = {
			isa = PBXFrameworksBuildPhase;
			buildActionMask = 2147483647;
			files = (
				63CBDB9B2801AC0C00604B3C /* MapKit.framework in Frameworks */,
				63A71BCA27C7FC3300820C0C /* Pods_CatchLunch.framework in Frameworks */,
			);
			runOnlyForDeploymentPostprocessing = 0;
		};
/* End PBXFrameworksBuildPhase section */

/* Begin PBXGroup section */
		0EB85E793130DCD32D2BF053 /* Frameworks */ = {
			isa = PBXGroup;
			children = (
				63CBDB9A2801AC0C00604B3C /* MapKit.framework */,
				63A71BC927C7FC3300820C0C /* Pods_CatchLunch.framework */,
				5FDE5E53BA6E93D8B7F3458E /* Pods_CatchLunch.framework */,
				A2F1D2CDE513ECFD5996C11C /* Pods_CatchLunch_CatchLunchUITests.framework */,
				9D42ECD857F501C57BB5CB1F /* Pods_CatchLunchTests.framework */,
			);
			name = Frameworks;
			sourceTree = "<group>";
		};
		1D5EF2ECA404E3B303186010 /* Pods */ = {
			isa = PBXGroup;
			children = (
				777644171959F8BA17EAF3E9 /* Pods-CatchLunch.debug.xcconfig */,
				22E9B16608B2EB0EA8037F1E /* Pods-CatchLunch.release.xcconfig */,
				1639C52AB2DBDBDD4C509CC4 /* Pods-CatchLunch-CatchLunchUITests.debug.xcconfig */,
				E9D8C5399437E13F6D1BD74F /* Pods-CatchLunch-CatchLunchUITests.release.xcconfig */,
				9D6B77A0E0D9AA839B531270 /* Pods-CatchLunchTests.debug.xcconfig */,
				BB35135C1DD023ACF8047E51 /* Pods-CatchLunchTests.release.xcconfig */,
			);
			path = Pods;
			sourceTree = "<group>";
		};
		630B81CB27D7C48B00B7CC17 /* 6_Presentor */ = {
			isa = PBXGroup;
			children = (
				634C229027DB781B0011EDBB /* Common */,
				636A7C2A27D6414D000EA2FE /* protocol */,
				6322BF7327D61D8B002A96C5 /* App */,
				6386669B27DF2C760060ACE5 /* SearchView */,
				63CB89AE27D5C957007300C8 /* RestaurantsView */,
				6369AC9B27D729710076719E /* RestaurantDetailView */,
				638666A027DF542D0060ACE5 /* BookmarkedView */,
				632F73B127E88C1400C24313 /* ConfigurationView */,
				636A347527FF22990084B456 /* MapRoutingView */,
			);
			path = 6_Presentor;
			sourceTree = "<group>";
		};
		63125BE52800151B00AB1549 /* LocationSearcher */ = {
			isa = PBXGroup;
			children = (
				63125BE62800152600AB1549 /* LocationService.swift */,
				63A3827C280016C9008BAF42 /* LocationServiceError.swift */,
			);
			path = LocationSearcher;
			sourceTree = "<group>";
		};
		63137B9E27E990DE00874F73 /* CautionView */ = {
			isa = PBXGroup;
			children = (
				63137B9F27E9910500874F73 /* CautionViewController.swift */,
			);
			path = CautionView;
			sourceTree = "<group>";
		};
		6322BF7327D61D8B002A96C5 /* App */ = {
			isa = PBXGroup;
			children = (
				6367CECF27C7F60F007E0735 /* LaunchScreen.storyboard */,
				6367CEC327C7F60F007E0735 /* AppDelegate.swift */,
				6367CEC527C7F60F007E0735 /* SceneDelegate.swift */,
			);
			path = App;
			sourceTree = "<group>";
		};
		632B2B0A27CF9E6600B7AB94 /* 5_Coordinator */ = {
			isa = PBXGroup;
			children = (
				632B2B0D27CF9E9C00B7AB94 /* protocol */,
				636A7C2D27D64971000EA2FE /* RootCoordinator.swift */,
				6369AC9927D725D50076719E /* RestaurantCoordinator.swift */,
				6369B44B27F4AD94008F9106 /* MapRoutingCoordinator.swift */,
				632F73AF27E88AEC00C24313 /* ConfigurationCoordinator.swift */,
			);
			path = 5_Coordinator;
			sourceTree = "<group>";
		};
		632B2B0D27CF9E9C00B7AB94 /* protocol */ = {
			isa = PBXGroup;
			children = (
				632B2B0B27CF9E9B00B7AB94 /* Coordinatorable.swift */,
			);
			path = protocol;
			sourceTree = "<group>";
		};
		632B2D0D27CFC6680018BECC /* Entity */ = {
			isa = PBXGroup;
			children = (
				632B2D0E27CFC6760018BECC /* GyeonggiRestaurantsAPIResult.swift */,
				6331916327E89E2C004E8ECB /* GyeonggiParagonRestaurantsAPIResult.swift */,
				6375C8C427CA91F600F1D60F /* NaverImageSearchResult.swift */,
				63768F1927E70049009E3380 /* DaumImageSearchResult.swift */,
				634C229327DB8B170011EDBB /* CatchLunch.xcdatamodeld */,
			);
			path = Entity;
			sourceTree = "<group>";
		};
		632F73B127E88C1400C24313 /* ConfigurationView */ = {
			isa = PBXGroup;
			children = (
				632F73B227E88C2400C24313 /* ConfigurationViewController.swift */,
				63137B9E27E990DE00874F73 /* CautionView */,
				63AB1D5927E07D5100ABA48E /* CopyRightView */,
			);
			path = ConfigurationView;
			sourceTree = "<group>";
		};
		6331916527E89F55004E8ECB /* Restaurant */ = {
			isa = PBXGroup;
			children = (
				63DE3E3D27C8A81D00A32868 /* GyeonggiRestaurantsSearcher.swift */,
				6331916127E89D1B004E8ECB /* GyeonggiParagonRestaurantSearcher.swift */,
				6332C41C27DDD3B0005F0ED5 /* RestaurantsBookmarkService.swift */,
			);
			path = Restaurant;
			sourceTree = "<group>";
		};
		634C229027DB781B0011EDBB /* Common */ = {
			isa = PBXGroup;
			children = (
				634C229127DB78240011EDBB /* MapMarker.swift */,
				6331915D27E895E0004E8ECB /* GuideButton.swift */,
			);
			path = Common;
			sourceTree = "<group>";
		};
		634C229627DB8C9A0011EDBB /* Network */ = {
			isa = PBXGroup;
			children = (
				63DE3E3B27C8996000A32868 /* NetworkManager.swift */,
				6379AFBA27C8E48300F84A91 /* NetworkError.swift */,
			);
			path = Network;
			sourceTree = "<group>";
		};
		634C229727DB8CAB0011EDBB /* CoreData */ = {
			isa = PBXGroup;
			children = (
				634C229827DB8CBC0011EDBB /* CDModelManager.swift */,
			);
			path = CoreData;
			sourceTree = "<group>";
		};
		6367CEC027C7F60F007E0735 /* CatchLunch */ = {
			isa = PBXGroup;
			children = (
				63768F1627E6FEC2009E3380 /* Util */,
				63CB89B427D5DF7D007300C8 /* Extension */,
				6367CEC127C7F60F007E0735 /* Asset */,
				6367CEC827C7F60F007E0735 /* 1_Model */,
				63DE3E3727C898A200A32868 /* 2_IOChannel */,
				6367CED127C7F60F007E0735 /* 3_Service */,
				6375C8C127CA85A500F1D60F /* 4_ViewModel */,
				632B2B0A27CF9E6600B7AB94 /* 5_Coordinator */,
				630B81CB27D7C48B00B7CC17 /* 6_Presentor */,
			);
			path = CatchLunch;
			sourceTree = "<group>";
		};
		6367CEC127C7F60F007E0735 /* Asset */ = {
			isa = PBXGroup;
			children = (
				6367CEC227C7F60F007E0735 /* Assets.xcassets */,
				63A6B33A27CCB3F10059C283 /* HiddenConfiguration.swift */,
				63E98B7527DD0CEE00088FBE /* Info.plist */,
			);
			path = Asset;
			sourceTree = "<group>";
		};
		6367CEC827C7F60F007E0735 /* 1_Model */ = {
			isa = PBXGroup;
			children = (
				6367CEC927C7F60F007E0735 /* protocol */,
				632B2D0D27CFC6680018BECC /* Entity */,
				6367CECD27C7F60F007E0735 /* RestaurantInformation.swift */,
			);
			path = 1_Model;
			sourceTree = "<group>";
		};
		6367CEC927C7F60F007E0735 /* protocol */ = {
			isa = PBXGroup;
			children = (
				6367CECA27C7F60F007E0735 /* Coordinate2D.swift */,
				6367CECB27C7F60F007E0735 /* Bookmarkable.swift */,
				6367CECC27C7F60F007E0735 /* Restaurant.swift */,
			);
			path = protocol;
			sourceTree = "<group>";
		};
		6367CED127C7F60F007E0735 /* 3_Service */ = {
			isa = PBXGroup;
			children = (
				6367CED227C7F60F007E0735 /* protocol */,
				63768F1D27E7048E009E3380 /* ImageSearcher */,
				6331916527E89F55004E8ECB /* Restaurant */,
				63125BE52800151B00AB1549 /* LocationSearcher */,
				636DDE3127F2CF5700D35E54 /* MapRouter */,
			);
			path = 3_Service;
			sourceTree = "<group>";
		};
		6367CED227C7F60F007E0735 /* protocol */ = {
			isa = PBXGroup;
			children = (
				6367CED327C7F60F007E0735 /* SearchServiceable.swift */,
				6367CED427C7F60F007E0735 /* BookmarkService.swift */,
			);
			path = protocol;
			sourceTree = "<group>";
		};
		6369AC9B27D729710076719E /* RestaurantDetailView */ = {
			isa = PBXGroup;
			children = (
				6369AC9C27D7298D0076719E /* RestaurantDetailViewController.swift */,
				6369AC9F27D7389F0076719E /* RestaurantDetailView.swift */,
			);
			path = RestaurantDetailView;
			sourceTree = "<group>";
		};
		636A347527FF22990084B456 /* MapRoutingView */ = {
			isa = PBXGroup;
			children = (
				636A347627FF22B00084B456 /* MapRoutingViewController.swift */,
			);
			path = MapRoutingView;
			sourceTree = "<group>";
		};
		636A7C2A27D6414D000EA2FE /* protocol */ = {
			isa = PBXGroup;
			children = (
				636A7C2B27D64157000EA2FE /* RestaurantsViewModelContainer.swift */,
			);
			path = protocol;
			sourceTree = "<group>";
		};
		636DDE3127F2CF5700D35E54 /* MapRouter */ = {
			isa = PBXGroup;
			children = (
				636DDE2D27F2BC6200D35E54 /* MapRouter.swift */,
				636DDE3227F2CF7900D35E54 /* MapRouterError.swift */,
			);
			path = MapRouter;
			sourceTree = "<group>";
		};
		6375C8C127CA85A500F1D60F /* 4_ViewModel */ = {
			isa = PBXGroup;
			children = (
				63E0347427CCA79800CB7613 /* protocol */,
				63E0347227CCA5E700CB7613 /* RestaurantListViewModel.swift */,
				63852DDA27D1E6AB004D90C6 /* ImageViewModel.swift */,
				638666A127DF58C90060ACE5 /* BookmarkedListViewModel.swift */,
				63F3D15227DE11B300A18554 /* RestaurantDetailViewModel.swift */,
				633F760227F48E910045B7D8 /* MapRouteViewModel.swift */,
			);
			path = 4_ViewModel;
			sourceTree = "<group>";
		};
		63768F1627E6FEC2009E3380 /* Util */ = {
			isa = PBXGroup;
			children = (
				63768F1727E6FEC9009E3380 /* URLFactory.swift */,
				636DDE2F27F2BE2900D35E54 /* Notifier.swift */,
			);
			path = Util;
			sourceTree = "<group>";
		};
		63768F1D27E7048E009E3380 /* ImageSearcher */ = {
			isa = PBXGroup;
			children = (
				633B069627E44C2C007024B5 /* ImageSearchError.swift */,
				63768F1B27E7048A009E3380 /* AbstarctImageSearcher.swift */,
				63018DF127C92B6200363F00 /* NaverImageSearcher.swift */,
				633B069827E477E6007024B5 /* DaumImageSearcher.swift */,
			);
			path = ImageSearcher;
			sourceTree = "<group>";
		};
		6386669B27DF2C760060ACE5 /* SearchView */ = {
			isa = PBXGroup;
			children = (
				6386669C27DF2C8A0060ACE5 /* SearchViewController.swift */,
			);
			path = SearchView;
			sourceTree = "<group>";
		};
		638666A027DF542D0060ACE5 /* BookmarkedView */ = {
			isa = PBXGroup;
			children = (
				638666A327DF6D6C0060ACE5 /* BookmarkdListViewController.swift */,
			);
			path = BookmarkedView;
			sourceTree = "<group>";
		};
		6396388B27DA275B0099C872 /* Foundation */ = {
			isa = PBXGroup;
			children = (
				63CB89B527D5DF85007300C8 /* String+.swift */,
				636A7C2827D62B11000EA2FE /* Notification.Name+.swift */,
				6369B44827F4A528008F9106 /* CGFloat+.swift */,
			);
			path = Foundation;
			sourceTree = "<group>";
		};
		6396388C27DA27630099C872 /* UIKit */ = {
			isa = PBXGroup;
			children = (
				6396388927DA20C00099C872 /* UIView+.swift */,
				63CB89B727D5E06A007300C8 /* UIStackView+.swift */,
				6386669927DF2A4B0060ACE5 /* UIEdgeInsets+.swift */,
				6386669E27DF51E60060ACE5 /* UIImage+.swift */,
				633F760427F498920045B7D8 /* NSDirectionalEdgeInsets+.swift */,
			);
			path = UIKit;
			sourceTree = "<group>";
		};
		63AB1D5927E07D5100ABA48E /* CopyRightView */ = {
			isa = PBXGroup;
			children = (
				63AB1D5A27E07D6000ABA48E /* CopyRightViewController.swift */,
			);
			path = CopyRightView;
			sourceTree = "<group>";
		};
		63C448CE27C7F37300F7063B /* CatchLunchTests */ = {
			isa = PBXGroup;
			children = (
				63DE3E4327C8C72000A32868 /* Test-doubles */,
				63C448CF27C7F37300F7063B /* TestRestaurantSummary.swift */,
				63018DED27C9126900363F00 /* TestNetworkManager.swift */,
				63419AB227D1134E008F28D4 /* TestGyeonggiRestaurantsSearcher.swift */,
				6375C8BF27CA7EDD00F1D60F /* TestImageSearcher.swift */,
				63667CF127CDDE71008677C2 /* TestRestaurantViewModel.swift */,
				63852DDE27D1E9B4004D90C6 /* TestImageViewModel.swift */,
			);
			path = CatchLunchTests;
			sourceTree = "<group>";
		};
		63C448DB27C7F38800F7063B /* CatchLunchUITests */ = {
			isa = PBXGroup;
			children = (
				63C448DC27C7F38800F7063B /* CatchLunchUITests.swift */,
				63C448DE27C7F38800F7063B /* CatchLunchUITestsLaunchTests.swift */,
			);
			path = CatchLunchUITests;
			sourceTree = "<group>";
		};
		63CB89AE27D5C957007300C8 /* RestaurantsView */ = {
			isa = PBXGroup;
			children = (
				6367CEC727C7F60F007E0735 /* RestaurantsViewController.swift */,
				63CB89AF27D5C979007300C8 /* RestaurantsViewDataSource.swift */,
				63CB89B927D5E24A007300C8 /* RestaurantsViewDelegate.swift */,
				63CB89B227D5C9AA007300C8 /* RestaurantsViewCell.swift */,
			);
			path = RestaurantsView;
			sourceTree = "<group>";
		};
		63CB89B427D5DF7D007300C8 /* Extension */ = {
			isa = PBXGroup;
			children = (
				6396388C27DA27630099C872 /* UIKit */,
				6396388B27DA275B0099C872 /* Foundation */,
			);
			path = Extension;
			sourceTree = "<group>";
		};
		63DE3E3727C898A200A32868 /* 2_IOChannel */ = {
			isa = PBXGroup;
			children = (
				63DE3E3A27C8995200A32868 /* protocol */,
				634C229627DB8C9A0011EDBB /* Network */,
				634C229727DB8CAB0011EDBB /* CoreData */,
			);
			path = 2_IOChannel;
			sourceTree = "<group>";
		};
		63DE3E3A27C8995200A32868 /* protocol */ = {
			isa = PBXGroup;
			children = (
				6379AFBF27C8FE0000F84A91 /* Sessionable.swift */,
				63DE3E3827C898F800A32868 /* NetworkManagable.swift */,
			);
			path = protocol;
			sourceTree = "<group>";
		};
		63DE3E4327C8C72000A32868 /* Test-doubles */ = {
			isa = PBXGroup;
			children = (
				63FE058527CF5B27006AB8D2 /* Feature */,
				63FE058427CF5B1B006AB8D2 /* Mock */,
				63FE058327CF5B14006AB8D2 /* Stub */,
				63FE058227CF5B0D006AB8D2 /* Dummy */,
			);
			path = "Test-doubles";
			sourceTree = "<group>";
		};
		63E0347427CCA79800CB7613 /* protocol */ = {
			isa = PBXGroup;
			children = (
				6375C8C227CA880700F1D60F /* ViewModelable.swift */,
				63F3D15027DE0A6200A18554 /* BookmarkableViewModel.swift */,
			);
			path = protocol;
			sourceTree = "<group>";
		};
		63F0271127C7F2A900680D0B = {
			isa = PBXGroup;
			children = (
				6367CEC027C7F60F007E0735 /* CatchLunch */,
				63C448CE27C7F37300F7063B /* CatchLunchTests */,
				63C448DB27C7F38800F7063B /* CatchLunchUITests */,
				63F0271B27C7F2A900680D0B /* Products */,
				1D5EF2ECA404E3B303186010 /* Pods */,
				0EB85E793130DCD32D2BF053 /* Frameworks */,
			);
			sourceTree = "<group>";
		};
		63F0271B27C7F2A900680D0B /* Products */ = {
			isa = PBXGroup;
			children = (
				63F0271A27C7F2A900680D0B /* CatchLunch.app */,
				63C448CD27C7F37300F7063B /* CatchLunchTests.xctest */,
				63C448DA27C7F38800F7063B /* CatchLunchUITests.xctest */,
			);
			name = Products;
			sourceTree = "<group>";
		};
		63FE058227CF5B0D006AB8D2 /* Dummy */ = {
			isa = PBXGroup;
			children = (
				6329D66627CAA60300B0E1DC /* DummyText.txt */,
				6375C8BD27CA7D6200F1D60F /* DummyImage.jpg */,
				631BAA2A27DB965B00A59AAA /* DummyURLRequest.swift */,
				6325642227DC8C49008D4195 /* DummyError.swift */,
			);
			path = Dummy;
			sourceTree = "<group>";
		};
		63FE058327CF5B14006AB8D2 /* Stub */ = {
			isa = PBXGroup;
			children = (
				63A71BC627C7FB2900820C0C /* StubJsonToTest.swift */,
				63D8199B27CF78E400F5FAC7 /* StubGyeonggiAPIResult.swift */,
				63852DD827D1D1AA004D90C6 /* StubImageSearchResult.swift */,
			);
			path = Stub;
			sourceTree = "<group>";
		};
		63FE058427CF5B1B006AB8D2 /* Mock */ = {
			isa = PBXGroup;
			children = (
				631BAA2827DB959C00A59AAA /* MockURLProtocol.swift */,
				63018DE927C9064F00363F00 /* MockSession.swift */,
				63DE3E4127C8C71B00A32868 /* MockRestaurantNetworkManager.swift */,
				6375C8BB27CA7BCC00F1D60F /* MockImageNetworkManager.swift */,
				63667CF327CDDEEE008677C2 /* MockGyeonggiRestaurantSearcher.swift */,
				63852DDC27D1E96D004D90C6 /* MockNaverImageSearcher.swift */,
			);
			path = Mock;
			sourceTree = "<group>";
		};
		63FE058527CF5B27006AB8D2 /* Feature */ = {
			isa = PBXGroup;
			children = (
				63FE058027CF5AF9006AB8D2 /* AsyncAfter.swift */,
			);
			path = Feature;
			sourceTree = "<group>";
		};
/* End PBXGroup section */

/* Begin PBXNativeTarget section */
		63C448CC27C7F37300F7063B /* CatchLunchTests */ = {
			isa = PBXNativeTarget;
			buildConfigurationList = 63C448D527C7F37300F7063B /* Build configuration list for PBXNativeTarget "CatchLunchTests" */;
			buildPhases = (
				99F4F71E926FB3D431D1182C /* [CP] Check Pods Manifest.lock */,
				63C448C927C7F37300F7063B /* Sources */,
				63C448CA27C7F37300F7063B /* Frameworks */,
				63C448CB27C7F37300F7063B /* Resources */,
			);
			buildRules = (
			);
			dependencies = (
				63C448D227C7F37300F7063B /* PBXTargetDependency */,
			);
			name = CatchLunchTests;
			packageProductDependencies = (
			);
			productName = CatchLunchTests;
			productReference = 63C448CD27C7F37300F7063B /* CatchLunchTests.xctest */;
			productType = "com.apple.product-type.bundle.unit-test";
		};
		63C448D927C7F38800F7063B /* CatchLunchUITests */ = {
			isa = PBXNativeTarget;
			buildConfigurationList = 63C448E227C7F38800F7063B /* Build configuration list for PBXNativeTarget "CatchLunchUITests" */;
			buildPhases = (
				97FC5EEC61C580E23BB72EFA /* [CP] Check Pods Manifest.lock */,
				63C448D627C7F38800F7063B /* Sources */,
				63C448D727C7F38800F7063B /* Frameworks */,
				63C448D827C7F38800F7063B /* Resources */,
			);
			buildRules = (
			);
			dependencies = (
				63C448E127C7F38800F7063B /* PBXTargetDependency */,
			);
			name = CatchLunchUITests;
			productName = CatchLunchUITests;
			productReference = 63C448DA27C7F38800F7063B /* CatchLunchUITests.xctest */;
			productType = "com.apple.product-type.bundle.ui-testing";
		};
		63F0271927C7F2A900680D0B /* CatchLunch */ = {
			isa = PBXNativeTarget;
			buildConfigurationList = 63F0272E27C7F2AA00680D0B /* Build configuration list for PBXNativeTarget "CatchLunch" */;
			buildPhases = (
				DFA9720E0E3D13265F5841FD /* [CP] Check Pods Manifest.lock */,
				634A5BB027D2374400E74854 /* Lint */,
				63F0271627C7F2A900680D0B /* Sources */,
				63F0271727C7F2A900680D0B /* Frameworks */,
				63F0271827C7F2A900680D0B /* Resources */,
			);
			buildRules = (
			);
			dependencies = (
			);
			name = CatchLunch;
			productName = CatchLunch;
			productReference = 63F0271A27C7F2A900680D0B /* CatchLunch.app */;
			productType = "com.apple.product-type.application";
		};
/* End PBXNativeTarget section */

/* Begin PBXProject section */
		63F0271227C7F2A900680D0B /* Project object */ = {
			isa = PBXProject;
			attributes = {
				BuildIndependentTargetsInParallel = 1;
				LastSwiftUpdateCheck = 1320;
				LastUpgradeCheck = 1320;
				TargetAttributes = {
					63C448CC27C7F37300F7063B = {
						CreatedOnToolsVersion = 13.2.1;
						TestTargetID = 63F0271927C7F2A900680D0B;
					};
					63C448D927C7F38800F7063B = {
						CreatedOnToolsVersion = 13.2.1;
						TestTargetID = 63F0271927C7F2A900680D0B;
					};
					63F0271927C7F2A900680D0B = {
						CreatedOnToolsVersion = 13.2.1;
					};
				};
			};
			buildConfigurationList = 63F0271527C7F2A900680D0B /* Build configuration list for PBXProject "CatchLunch" */;
			compatibilityVersion = "Xcode 13.0";
			developmentRegion = en;
			hasScannedForEncodings = 0;
			knownRegions = (
				en,
				Base,
			);
			mainGroup = 63F0271127C7F2A900680D0B;
			packageReferences = (
			);
			productRefGroup = 63F0271B27C7F2A900680D0B /* Products */;
			projectDirPath = "";
			projectRoot = "";
			targets = (
				63F0271927C7F2A900680D0B /* CatchLunch */,
				63C448CC27C7F37300F7063B /* CatchLunchTests */,
				63C448D927C7F38800F7063B /* CatchLunchUITests */,
			);
		};
/* End PBXProject section */

/* Begin PBXResourcesBuildPhase section */
		63C448CB27C7F37300F7063B /* Resources */ = {
			isa = PBXResourcesBuildPhase;
			buildActionMask = 2147483647;
			files = (
				6329D66727CAA60300B0E1DC /* DummyText.txt in Resources */,
				6375C8BE27CA7D6200F1D60F /* DummyImage.jpg in Resources */,
			);
			runOnlyForDeploymentPostprocessing = 0;
		};
		63C448D827C7F38800F7063B /* Resources */ = {
			isa = PBXResourcesBuildPhase;
			buildActionMask = 2147483647;
			files = (
			);
			runOnlyForDeploymentPostprocessing = 0;
		};
		63F0271827C7F2A900680D0B /* Resources */ = {
			isa = PBXResourcesBuildPhase;
			buildActionMask = 2147483647;
			files = (
				6367CEDF27C7F60F007E0735 /* LaunchScreen.storyboard in Resources */,
				6367CED627C7F60F007E0735 /* Assets.xcassets in Resources */,
			);
			runOnlyForDeploymentPostprocessing = 0;
		};
/* End PBXResourcesBuildPhase section */

/* Begin PBXShellScriptBuildPhase section */
		634A5BB027D2374400E74854 /* Lint */ = {
			isa = PBXShellScriptBuildPhase;
			buildActionMask = 2147483647;
			files = (
			);
			inputFileListPaths = (
			);
			inputPaths = (
			);
			name = Lint;
			outputFileListPaths = (
			);
			outputPaths = (
			);
			runOnlyForDeploymentPostprocessing = 0;
			shellPath = /bin/sh;
			shellScript = "\"${PODS_ROOT}/SwiftLint/swiftlint\"\n";
		};
		97FC5EEC61C580E23BB72EFA /* [CP] Check Pods Manifest.lock */ = {
			isa = PBXShellScriptBuildPhase;
			buildActionMask = 2147483647;
			files = (
			);
			inputFileListPaths = (
			);
			inputPaths = (
				"${PODS_PODFILE_DIR_PATH}/Podfile.lock",
				"${PODS_ROOT}/Manifest.lock",
			);
			name = "[CP] Check Pods Manifest.lock";
			outputFileListPaths = (
			);
			outputPaths = (
				"$(DERIVED_FILE_DIR)/Pods-CatchLunch-CatchLunchUITests-checkManifestLockResult.txt",
			);
			runOnlyForDeploymentPostprocessing = 0;
			shellPath = /bin/sh;
			shellScript = "diff \"${PODS_PODFILE_DIR_PATH}/Podfile.lock\" \"${PODS_ROOT}/Manifest.lock\" > /dev/null\nif [ $? != 0 ] ; then\n    # print error to STDERR\n    echo \"error: The sandbox is not in sync with the Podfile.lock. Run 'pod install' or update your CocoaPods installation.\" >&2\n    exit 1\nfi\n# This output is used by Xcode 'outputs' to avoid re-running this script phase.\necho \"SUCCESS\" > \"${SCRIPT_OUTPUT_FILE_0}\"\n";
			showEnvVarsInLog = 0;
		};
		99F4F71E926FB3D431D1182C /* [CP] Check Pods Manifest.lock */ = {
			isa = PBXShellScriptBuildPhase;
			buildActionMask = 2147483647;
			files = (
			);
			inputFileListPaths = (
			);
			inputPaths = (
				"${PODS_PODFILE_DIR_PATH}/Podfile.lock",
				"${PODS_ROOT}/Manifest.lock",
			);
			name = "[CP] Check Pods Manifest.lock";
			outputFileListPaths = (
			);
			outputPaths = (
				"$(DERIVED_FILE_DIR)/Pods-CatchLunchTests-checkManifestLockResult.txt",
			);
			runOnlyForDeploymentPostprocessing = 0;
			shellPath = /bin/sh;
			shellScript = "diff \"${PODS_PODFILE_DIR_PATH}/Podfile.lock\" \"${PODS_ROOT}/Manifest.lock\" > /dev/null\nif [ $? != 0 ] ; then\n    # print error to STDERR\n    echo \"error: The sandbox is not in sync with the Podfile.lock. Run 'pod install' or update your CocoaPods installation.\" >&2\n    exit 1\nfi\n# This output is used by Xcode 'outputs' to avoid re-running this script phase.\necho \"SUCCESS\" > \"${SCRIPT_OUTPUT_FILE_0}\"\n";
			showEnvVarsInLog = 0;
		};
		DFA9720E0E3D13265F5841FD /* [CP] Check Pods Manifest.lock */ = {
			isa = PBXShellScriptBuildPhase;
			buildActionMask = 2147483647;
			files = (
			);
			inputFileListPaths = (
			);
			inputPaths = (
				"${PODS_PODFILE_DIR_PATH}/Podfile.lock",
				"${PODS_ROOT}/Manifest.lock",
			);
			name = "[CP] Check Pods Manifest.lock";
			outputFileListPaths = (
			);
			outputPaths = (
				"$(DERIVED_FILE_DIR)/Pods-CatchLunch-checkManifestLockResult.txt",
			);
			runOnlyForDeploymentPostprocessing = 0;
			shellPath = /bin/sh;
			shellScript = "diff \"${PODS_PODFILE_DIR_PATH}/Podfile.lock\" \"${PODS_ROOT}/Manifest.lock\" > /dev/null\nif [ $? != 0 ] ; then\n    # print error to STDERR\n    echo \"error: The sandbox is not in sync with the Podfile.lock. Run 'pod install' or update your CocoaPods installation.\" >&2\n    exit 1\nfi\n# This output is used by Xcode 'outputs' to avoid re-running this script phase.\necho \"SUCCESS\" > \"${SCRIPT_OUTPUT_FILE_0}\"\n";
			showEnvVarsInLog = 0;
		};
/* End PBXShellScriptBuildPhase section */

/* Begin PBXSourcesBuildPhase section */
		63C448C927C7F37300F7063B /* Sources */ = {
			isa = PBXSourcesBuildPhase;
			buildActionMask = 2147483647;
			files = (
				63D8199C27CF78E400F5FAC7 /* StubGyeonggiAPIResult.swift in Sources */,
				631BAA2B27DB965B00A59AAA /* DummyURLRequest.swift in Sources */,
				63A71BC727C7FB2900820C0C /* StubJsonToTest.swift in Sources */,
				63852DDF27D1E9B4004D90C6 /* TestImageViewModel.swift in Sources */,
				63419AB327D1134E008F28D4 /* TestGyeonggiRestaurantsSearcher.swift in Sources */,
				6325642327DC8C49008D4195 /* DummyError.swift in Sources */,
				63DE3E4227C8C71B00A32868 /* MockRestaurantNetworkManager.swift in Sources */,
				63667CF227CDDE71008677C2 /* TestRestaurantViewModel.swift in Sources */,
				63667CF427CDDEEE008677C2 /* MockGyeonggiRestaurantSearcher.swift in Sources */,
				63852DDD27D1E96D004D90C6 /* MockNaverImageSearcher.swift in Sources */,
				63018DEA27C9064F00363F00 /* MockSession.swift in Sources */,
				63C448D027C7F37300F7063B /* TestRestaurantSummary.swift in Sources */,
				63FE058127CF5AF9006AB8D2 /* AsyncAfter.swift in Sources */,
				631BAA2927DB959C00A59AAA /* MockURLProtocol.swift in Sources */,
				6375C8C027CA7EDD00F1D60F /* TestImageSearcher.swift in Sources */,
				63852DD927D1D1AA004D90C6 /* StubImageSearchResult.swift in Sources */,
				63018DEE27C9126900363F00 /* TestNetworkManager.swift in Sources */,
				6375C8BC27CA7BCC00F1D60F /* MockImageNetworkManager.swift in Sources */,
			);
			runOnlyForDeploymentPostprocessing = 0;
		};
		63C448D627C7F38800F7063B /* Sources */ = {
			isa = PBXSourcesBuildPhase;
			buildActionMask = 2147483647;
			files = (
				63C448DD27C7F38800F7063B /* CatchLunchUITests.swift in Sources */,
				63C448DF27C7F38800F7063B /* CatchLunchUITestsLaunchTests.swift in Sources */,
			);
			runOnlyForDeploymentPostprocessing = 0;
		};
		63F0271627C7F2A900680D0B /* Sources */ = {
			isa = PBXSourcesBuildPhase;
			buildActionMask = 2147483647;
			files = (
				636DDE3027F2BE2900D35E54 /* Notifier.swift in Sources */,
				636DDE3327F2CF7900D35E54 /* MapRouterError.swift in Sources */,
				636A7C2927D62B11000EA2FE /* Notification.Name+.swift in Sources */,
				6367CEDC27C7F60F007E0735 /* Bookmarkable.swift in Sources */,
				6331916427E89E2C004E8ECB /* GyeonggiParagonRestaurantsAPIResult.swift in Sources */,
				6379AFBB27C8E48300F84A91 /* NetworkError.swift in Sources */,
				6367CEDA27C7F60F007E0735 /* RestaurantsViewController.swift in Sources */,
				636DDE2E27F2BC6200D35E54 /* MapRouter.swift in Sources */,
				63DE3E3C27C8996000A32868 /* NetworkManager.swift in Sources */,
				636A7C2C27D64157000EA2FE /* RestaurantsViewModelContainer.swift in Sources */,
				63CB89B327D5C9AA007300C8 /* RestaurantsViewCell.swift in Sources */,
				63768F1C27E7048A009E3380 /* AbstarctImageSearcher.swift in Sources */,
				63137BA027E9910500874F73 /* CautionViewController.swift in Sources */,
				63F3D15327DE11B300A18554 /* RestaurantDetailViewModel.swift in Sources */,
				6369AC9D27D7298D0076719E /* RestaurantDetailViewController.swift in Sources */,
				6332C41D27DDD3B0005F0ED5 /* RestaurantsBookmarkService.swift in Sources */,
				63F3D15127DE0A6200A18554 /* BookmarkableViewModel.swift in Sources */,
				638666A427DF6D6C0060ACE5 /* BookmarkdListViewController.swift in Sources */,
				6386669A27DF2A4B0060ACE5 /* UIEdgeInsets+.swift in Sources */,
				63E0347327CCA5E700CB7613 /* RestaurantListViewModel.swift in Sources */,
				6369B44927F4A528008F9106 /* CGFloat+.swift in Sources */,
				63CB89BA27D5E24A007300C8 /* RestaurantsViewDelegate.swift in Sources */,
				6367CEDE27C7F60F007E0735 /* RestaurantInformation.swift in Sources */,
				636A347727FF22B00084B456 /* MapRoutingViewController.swift in Sources */,
				6331916227E89D1B004E8ECB /* GyeonggiParagonRestaurantSearcher.swift in Sources */,
				6367CEDD27C7F60F007E0735 /* Restaurant.swift in Sources */,
				63768F1A27E70049009E3380 /* DaumImageSearchResult.swift in Sources */,
				63018DF227C92B6200363F00 /* NaverImageSearcher.swift in Sources */,
				63125BE72800152600AB1549 /* LocationService.swift in Sources */,
				632B2B0C27CF9E9B00B7AB94 /* Coordinatorable.swift in Sources */,
				632F73B027E88AEC00C24313 /* ConfigurationCoordinator.swift in Sources */,
				63DE3E3927C898F800A32868 /* NetworkManagable.swift in Sources */,
				6367CEE027C7F60F007E0735 /* SearchServiceable.swift in Sources */,
				6369B44C27F4AD94008F9106 /* MapRoutingCoordinator.swift in Sources */,
				632F73B327E88C2400C24313 /* ConfigurationViewController.swift in Sources */,
				6367CED727C7F60F007E0735 /* AppDelegate.swift in Sources */,
				6331915E27E895E0004E8ECB /* GuideButton.swift in Sources */,
				632B2D0F27CFC6760018BECC /* GyeonggiRestaurantsAPIResult.swift in Sources */,
				63CB89B627D5DF85007300C8 /* String+.swift in Sources */,
				638666A227DF58C90060ACE5 /* BookmarkedListViewModel.swift in Sources */,
				63A6B33B27CCB3F10059C283 /* HiddenConfiguration.swift in Sources */,
				6369ACA027D7389F0076719E /* RestaurantDetailView.swift in Sources */,
				6367CEE127C7F60F007E0735 /* BookmarkService.swift in Sources */,
				6375C8C327CA880700F1D60F /* ViewModelable.swift in Sources */,
				6369AC9A27D725D50076719E /* RestaurantCoordinator.swift in Sources */,
				6379AFC027C8FE0000F84A91 /* Sessionable.swift in Sources */,
				6386669F27DF51E60060ACE5 /* UIImage+.swift in Sources */,
				634C229227DB78240011EDBB /* MapMarker.swift in Sources */,
				63768F1827E6FEC9009E3380 /* URLFactory.swift in Sources */,
				634C229927DB8CBC0011EDBB /* CDModelManager.swift in Sources */,
				636A7C2E27D64971000EA2FE /* RootCoordinator.swift in Sources */,
				6396388A27DA20C00099C872 /* UIView+.swift in Sources */,
				6367CED927C7F60F007E0735 /* SceneDelegate.swift in Sources */,
				6375C8C527CA91F600F1D60F /* NaverImageSearchResult.swift in Sources */,
				633F760527F498920045B7D8 /* NSDirectionalEdgeInsets+.swift in Sources */,
				63AB1D5B27E07D6000ABA48E /* CopyRightViewController.swift in Sources */,
				6367CEDB27C7F60F007E0735 /* Coordinate2D.swift in Sources */,
				63A3827D280016C9008BAF42 /* LocationServiceError.swift in Sources */,
				6386669D27DF2C8A0060ACE5 /* SearchViewController.swift in Sources */,
				63CB89B027D5C979007300C8 /* RestaurantsViewDataSource.swift in Sources */,
				633F760327F48E910045B7D8 /* MapRouteViewModel.swift in Sources */,
				633B069927E477E6007024B5 /* DaumImageSearcher.swift in Sources */,
				633B069727E44C2C007024B5 /* ImageSearchError.swift in Sources */,
				634C229527DB8B170011EDBB /* CatchLunch.xcdatamodeld in Sources */,
				63CB89B827D5E06A007300C8 /* UIStackView+.swift in Sources */,
				63852DDB27D1E6AB004D90C6 /* ImageViewModel.swift in Sources */,
				63DE3E3E27C8A81D00A32868 /* GyeonggiRestaurantsSearcher.swift in Sources */,
			);
			runOnlyForDeploymentPostprocessing = 0;
		};
/* End PBXSourcesBuildPhase section */

/* Begin PBXTargetDependency section */
		63C448D227C7F37300F7063B /* PBXTargetDependency */ = {
			isa = PBXTargetDependency;
			target = 63F0271927C7F2A900680D0B /* CatchLunch */;
			targetProxy = 63C448D127C7F37300F7063B /* PBXContainerItemProxy */;
		};
		63C448E127C7F38800F7063B /* PBXTargetDependency */ = {
			isa = PBXTargetDependency;
			target = 63F0271927C7F2A900680D0B /* CatchLunch */;
			targetProxy = 63C448E027C7F38800F7063B /* PBXContainerItemProxy */;
		};
/* End PBXTargetDependency section */

/* Begin PBXVariantGroup section */
		6367CECF27C7F60F007E0735 /* LaunchScreen.storyboard */ = {
			isa = PBXVariantGroup;
			children = (
				6367CED027C7F60F007E0735 /* Base */,
			);
			name = LaunchScreen.storyboard;
			sourceTree = "<group>";
		};
/* End PBXVariantGroup section */

/* Begin XCBuildConfiguration section */
		63C448D327C7F37300F7063B /* Debug */ = {
			isa = XCBuildConfiguration;
			baseConfigurationReference = 9D6B77A0E0D9AA839B531270 /* Pods-CatchLunchTests.debug.xcconfig */;
			buildSettings = {
				ALWAYS_EMBED_SWIFT_STANDARD_LIBRARIES = YES;
				BUNDLE_LOADER = "$(TEST_HOST)";
				CLANG_WARN_DEPRECATED_OBJC_IMPLEMENTATIONS = NO;
				CODE_SIGN_STYLE = Automatic;
				CURRENT_PROJECT_VERSION = 1;
				DEVELOPMENT_TEAM = HDTL2HPD5J;
				GCC_WARN_ABOUT_DEPRECATED_FUNCTIONS = NO;
				GCC_WARN_INHIBIT_ALL_WARNINGS = YES;
				GENERATE_INFOPLIST_FILE = YES;
				MARKETING_VERSION = 1.0;
				PRODUCT_BUNDLE_IDENTIFIER = com.github.soo941226.CatchLunchTests;
				PRODUCT_NAME = "$(TARGET_NAME)";
				SWIFT_EMIT_LOC_STRINGS = NO;
				SWIFT_VERSION = 5.0;
				TARGETED_DEVICE_FAMILY = "1,2";
				TEST_HOST = "$(BUILT_PRODUCTS_DIR)/CatchLunch.app/CatchLunch";
			};
			name = Debug;
		};
		63C448D427C7F37300F7063B /* Release */ = {
			isa = XCBuildConfiguration;
			baseConfigurationReference = BB35135C1DD023ACF8047E51 /* Pods-CatchLunchTests.release.xcconfig */;
			buildSettings = {
				ALWAYS_EMBED_SWIFT_STANDARD_LIBRARIES = YES;
				BUNDLE_LOADER = "$(TEST_HOST)";
				CLANG_WARN_DEPRECATED_OBJC_IMPLEMENTATIONS = NO;
				CODE_SIGN_STYLE = Automatic;
				CURRENT_PROJECT_VERSION = 1;
				DEVELOPMENT_TEAM = HDTL2HPD5J;
				GCC_WARN_ABOUT_DEPRECATED_FUNCTIONS = NO;
				GCC_WARN_INHIBIT_ALL_WARNINGS = YES;
				GENERATE_INFOPLIST_FILE = YES;
				MARKETING_VERSION = 1.0;
				PRODUCT_BUNDLE_IDENTIFIER = com.github.soo941226.CatchLunchTests;
				PRODUCT_NAME = "$(TARGET_NAME)";
				SWIFT_EMIT_LOC_STRINGS = NO;
				SWIFT_VERSION = 5.0;
				TARGETED_DEVICE_FAMILY = "1,2";
				TEST_HOST = "$(BUILT_PRODUCTS_DIR)/CatchLunch.app/CatchLunch";
			};
			name = Release;
		};
		63C448E327C7F38800F7063B /* Debug */ = {
			isa = XCBuildConfiguration;
			baseConfigurationReference = 1639C52AB2DBDBDD4C509CC4 /* Pods-CatchLunch-CatchLunchUITests.debug.xcconfig */;
			buildSettings = {
				ALWAYS_EMBED_SWIFT_STANDARD_LIBRARIES = YES;
				CODE_SIGN_STYLE = Automatic;
				CURRENT_PROJECT_VERSION = 1;
				DEVELOPMENT_TEAM = HDTL2HPD5J;
				GENERATE_INFOPLIST_FILE = YES;
				MARKETING_VERSION = 1.0;
				PRODUCT_BUNDLE_IDENTIFIER = com.github.soo941226.CatchLunchUITests;
				PRODUCT_NAME = "$(TARGET_NAME)";
				PROVISIONING_PROFILE = "";
				SWIFT_EMIT_LOC_STRINGS = NO;
				SWIFT_VERSION = 5.0;
				TARGETED_DEVICE_FAMILY = "1,2";
				TEST_TARGET_NAME = CatchLunch;
			};
			name = Debug;
		};
		63C448E427C7F38800F7063B /* Release */ = {
			isa = XCBuildConfiguration;
			baseConfigurationReference = E9D8C5399437E13F6D1BD74F /* Pods-CatchLunch-CatchLunchUITests.release.xcconfig */;
			buildSettings = {
				ALWAYS_EMBED_SWIFT_STANDARD_LIBRARIES = YES;
				CODE_SIGN_STYLE = Automatic;
				CURRENT_PROJECT_VERSION = 1;
				DEVELOPMENT_TEAM = HDTL2HPD5J;
				GENERATE_INFOPLIST_FILE = YES;
				MARKETING_VERSION = 1.0;
				PRODUCT_BUNDLE_IDENTIFIER = com.github.soo941226.CatchLunchUITests;
				PRODUCT_NAME = "$(TARGET_NAME)";
				PROVISIONING_PROFILE = "";
				SWIFT_EMIT_LOC_STRINGS = NO;
				SWIFT_VERSION = 5.0;
				TARGETED_DEVICE_FAMILY = "1,2";
				TEST_TARGET_NAME = CatchLunch;
			};
			name = Release;
		};
		63F0272C27C7F2AA00680D0B /* Debug */ = {
			isa = XCBuildConfiguration;
			buildSettings = {
				ALWAYS_SEARCH_USER_PATHS = NO;
				CLANG_ANALYZER_NONNULL = YES;
				CLANG_ANALYZER_NUMBER_OBJECT_CONVERSION = YES_AGGRESSIVE;
				CLANG_CXX_LANGUAGE_STANDARD = "gnu++17";
				CLANG_CXX_LIBRARY = "libc++";
				CLANG_ENABLE_MODULES = YES;
				CLANG_ENABLE_OBJC_ARC = YES;
				CLANG_ENABLE_OBJC_WEAK = YES;
				CLANG_WARN_BLOCK_CAPTURE_AUTORELEASING = YES;
				CLANG_WARN_BOOL_CONVERSION = YES;
				CLANG_WARN_COMMA = YES;
				CLANG_WARN_CONSTANT_CONVERSION = YES;
				CLANG_WARN_DEPRECATED_OBJC_IMPLEMENTATIONS = YES;
				CLANG_WARN_DIRECT_OBJC_ISA_USAGE = YES_ERROR;
				CLANG_WARN_DOCUMENTATION_COMMENTS = YES;
				CLANG_WARN_EMPTY_BODY = YES;
				CLANG_WARN_ENUM_CONVERSION = YES;
				CLANG_WARN_INFINITE_RECURSION = YES;
				CLANG_WARN_INT_CONVERSION = YES;
				CLANG_WARN_NON_LITERAL_NULL_CONVERSION = YES;
				CLANG_WARN_OBJC_IMPLICIT_RETAIN_SELF = YES;
				CLANG_WARN_OBJC_LITERAL_CONVERSION = YES;
				CLANG_WARN_OBJC_ROOT_CLASS = YES_ERROR;
				CLANG_WARN_QUOTED_INCLUDE_IN_FRAMEWORK_HEADER = YES;
				CLANG_WARN_RANGE_LOOP_ANALYSIS = YES;
				CLANG_WARN_STRICT_PROTOTYPES = YES;
				CLANG_WARN_SUSPICIOUS_MOVE = YES;
				CLANG_WARN_UNGUARDED_AVAILABILITY = YES_AGGRESSIVE;
				CLANG_WARN_UNREACHABLE_CODE = YES;
				CLANG_WARN__DUPLICATE_METHOD_MATCH = YES;
				COPY_PHASE_STRIP = NO;
				DEBUG_INFORMATION_FORMAT = dwarf;
				ENABLE_STRICT_OBJC_MSGSEND = YES;
				ENABLE_TESTABILITY = YES;
				GCC_C_LANGUAGE_STANDARD = gnu11;
				GCC_DYNAMIC_NO_PIC = NO;
				GCC_NO_COMMON_BLOCKS = YES;
				GCC_OPTIMIZATION_LEVEL = 0;
				GCC_PREPROCESSOR_DEFINITIONS = (
					"DEBUG=1",
					"$(inherited)",
				);
				GCC_WARN_64_TO_32_BIT_CONVERSION = YES;
				GCC_WARN_ABOUT_DEPRECATED_FUNCTIONS = YES;
				GCC_WARN_ABOUT_RETURN_TYPE = YES_ERROR;
				GCC_WARN_INHIBIT_ALL_WARNINGS = NO;
				GCC_WARN_UNDECLARED_SELECTOR = YES;
				GCC_WARN_UNINITIALIZED_AUTOS = YES_AGGRESSIVE;
				GCC_WARN_UNUSED_FUNCTION = YES;
				GCC_WARN_UNUSED_VARIABLE = YES;
				IPHONEOS_DEPLOYMENT_TARGET = 13.0;
				MTL_ENABLE_DEBUG_INFO = INCLUDE_SOURCE;
				MTL_FAST_MATH = YES;
				ONLY_ACTIVE_ARCH = YES;
				SDKROOT = iphoneos;
				SWIFT_ACTIVE_COMPILATION_CONDITIONS = DEBUG;
				SWIFT_OPTIMIZATION_LEVEL = "-Onone";
			};
			name = Debug;
		};
		63F0272D27C7F2AA00680D0B /* Release */ = {
			isa = XCBuildConfiguration;
			buildSettings = {
				ALWAYS_SEARCH_USER_PATHS = NO;
				CLANG_ANALYZER_NONNULL = YES;
				CLANG_ANALYZER_NUMBER_OBJECT_CONVERSION = YES_AGGRESSIVE;
				CLANG_CXX_LANGUAGE_STANDARD = "gnu++17";
				CLANG_CXX_LIBRARY = "libc++";
				CLANG_ENABLE_MODULES = YES;
				CLANG_ENABLE_OBJC_ARC = YES;
				CLANG_ENABLE_OBJC_WEAK = YES;
				CLANG_WARN_BLOCK_CAPTURE_AUTORELEASING = YES;
				CLANG_WARN_BOOL_CONVERSION = YES;
				CLANG_WARN_COMMA = YES;
				CLANG_WARN_CONSTANT_CONVERSION = YES;
				CLANG_WARN_DEPRECATED_OBJC_IMPLEMENTATIONS = YES;
				CLANG_WARN_DIRECT_OBJC_ISA_USAGE = YES_ERROR;
				CLANG_WARN_DOCUMENTATION_COMMENTS = YES;
				CLANG_WARN_EMPTY_BODY = YES;
				CLANG_WARN_ENUM_CONVERSION = YES;
				CLANG_WARN_INFINITE_RECURSION = YES;
				CLANG_WARN_INT_CONVERSION = YES;
				CLANG_WARN_NON_LITERAL_NULL_CONVERSION = YES;
				CLANG_WARN_OBJC_IMPLICIT_RETAIN_SELF = YES;
				CLANG_WARN_OBJC_LITERAL_CONVERSION = YES;
				CLANG_WARN_OBJC_ROOT_CLASS = YES_ERROR;
				CLANG_WARN_QUOTED_INCLUDE_IN_FRAMEWORK_HEADER = YES;
				CLANG_WARN_RANGE_LOOP_ANALYSIS = YES;
				CLANG_WARN_STRICT_PROTOTYPES = YES;
				CLANG_WARN_SUSPICIOUS_MOVE = YES;
				CLANG_WARN_UNGUARDED_AVAILABILITY = YES_AGGRESSIVE;
				CLANG_WARN_UNREACHABLE_CODE = YES;
				CLANG_WARN__DUPLICATE_METHOD_MATCH = YES;
				COPY_PHASE_STRIP = NO;
				DEBUG_INFORMATION_FORMAT = "dwarf-with-dsym";
				ENABLE_NS_ASSERTIONS = NO;
				ENABLE_STRICT_OBJC_MSGSEND = YES;
				GCC_C_LANGUAGE_STANDARD = gnu11;
				GCC_NO_COMMON_BLOCKS = YES;
				GCC_WARN_64_TO_32_BIT_CONVERSION = YES;
				GCC_WARN_ABOUT_DEPRECATED_FUNCTIONS = YES;
				GCC_WARN_ABOUT_RETURN_TYPE = YES_ERROR;
				GCC_WARN_INHIBIT_ALL_WARNINGS = NO;
				GCC_WARN_UNDECLARED_SELECTOR = YES;
				GCC_WARN_UNINITIALIZED_AUTOS = YES_AGGRESSIVE;
				GCC_WARN_UNUSED_FUNCTION = YES;
				GCC_WARN_UNUSED_VARIABLE = YES;
				IPHONEOS_DEPLOYMENT_TARGET = 13.0;
				MTL_ENABLE_DEBUG_INFO = NO;
				MTL_FAST_MATH = YES;
				SDKROOT = iphoneos;
				SWIFT_COMPILATION_MODE = wholemodule;
				SWIFT_OPTIMIZATION_LEVEL = "-O";
				VALIDATE_PRODUCT = YES;
			};
			name = Release;
		};
		63F0272F27C7F2AA00680D0B /* Debug */ = {
			isa = XCBuildConfiguration;
			baseConfigurationReference = 777644171959F8BA17EAF3E9 /* Pods-CatchLunch.debug.xcconfig */;
			buildSettings = {
				ASSETCATALOG_COMPILER_APPICON_NAME = AppIcon;
				ASSETCATALOG_COMPILER_GLOBAL_ACCENT_COLOR_NAME = AccentColor;
				CODE_SIGN_STYLE = Automatic;
				CURRENT_PROJECT_VERSION = 1;
				DEVELOPMENT_TEAM = HDTL2HPD5J;
				GCC_WARN_ABOUT_DEPRECATED_FUNCTIONS = YES;
				GCC_WARN_INHIBIT_ALL_WARNINGS = NO;
				GENERATE_INFOPLIST_FILE = YES;
				INFOPLIST_FILE = CatchLunch/Asset/Info.plist;
				INFOPLIST_KEY_NSLocationWhenInUseUsageDescription = "식당까지의 경로를 구하기 위해 권한이 필요합니다";
				INFOPLIST_KEY_UIApplicationSupportsIndirectInputEvents = YES;
				INFOPLIST_KEY_UILaunchStoryboardName = LaunchScreen;
				INFOPLIST_KEY_UIMainStoryboardFile = "";
				INFOPLIST_KEY_UISupportedInterfaceOrientations_iPad = "UIInterfaceOrientationPortrait UIInterfaceOrientationPortraitUpsideDown UIInterfaceOrientationLandscapeLeft UIInterfaceOrientationLandscapeRight";
				INFOPLIST_KEY_UISupportedInterfaceOrientations_iPhone = "UIInterfaceOrientationPortrait UIInterfaceOrientationLandscapeLeft UIInterfaceOrientationLandscapeRight";
				LD_RUNPATH_SEARCH_PATHS = (
					"$(inherited)",
					"@executable_path/Frameworks",
				);
				MARKETING_VERSION = 0.0.2;
				PRODUCT_BUNDLE_IDENTIFIER = com.github.soo941226.CatchLunch;
				PRODUCT_NAME = "$(TARGET_NAME)";
				SWIFT_EMIT_LOC_STRINGS = YES;
				SWIFT_VERSION = 5.0;
				TARGETED_DEVICE_FAMILY = "1,2";
			};
			name = Debug;
		};
		63F0273027C7F2AA00680D0B /* Release */ = {
			isa = XCBuildConfiguration;
			baseConfigurationReference = 22E9B16608B2EB0EA8037F1E /* Pods-CatchLunch.release.xcconfig */;
			buildSettings = {
				ASSETCATALOG_COMPILER_APPICON_NAME = AppIcon;
				ASSETCATALOG_COMPILER_GLOBAL_ACCENT_COLOR_NAME = AccentColor;
				CODE_SIGN_STYLE = Automatic;
				CURRENT_PROJECT_VERSION = 1;
				DEVELOPMENT_TEAM = HDTL2HPD5J;
				GCC_WARN_ABOUT_DEPRECATED_FUNCTIONS = YES;
				GCC_WARN_INHIBIT_ALL_WARNINGS = NO;
				GENERATE_INFOPLIST_FILE = YES;
				INFOPLIST_FILE = CatchLunch/Asset/Info.plist;
				INFOPLIST_KEY_NSLocationWhenInUseUsageDescription = "식당까지의 경로를 구하기 위해 권한이 필요합니다";
				INFOPLIST_KEY_UIApplicationSupportsIndirectInputEvents = YES;
				INFOPLIST_KEY_UILaunchStoryboardName = LaunchScreen;
				INFOPLIST_KEY_UIMainStoryboardFile = "";
				INFOPLIST_KEY_UISupportedInterfaceOrientations_iPad = "UIInterfaceOrientationPortrait UIInterfaceOrientationPortraitUpsideDown UIInterfaceOrientationLandscapeLeft UIInterfaceOrientationLandscapeRight";
				INFOPLIST_KEY_UISupportedInterfaceOrientations_iPhone = "UIInterfaceOrientationPortrait UIInterfaceOrientationLandscapeLeft UIInterfaceOrientationLandscapeRight";
				LD_RUNPATH_SEARCH_PATHS = (
					"$(inherited)",
					"@executable_path/Frameworks",
				);
				MARKETING_VERSION = 0.0.2;
				PRODUCT_BUNDLE_IDENTIFIER = com.github.soo941226.CatchLunch;
				PRODUCT_NAME = "$(TARGET_NAME)";
				SWIFT_EMIT_LOC_STRINGS = YES;
				SWIFT_VERSION = 5.0;
				TARGETED_DEVICE_FAMILY = "1,2";
			};
			name = Release;
		};
/* End XCBuildConfiguration section */

/* Begin XCConfigurationList section */
		63C448D527C7F37300F7063B /* Build configuration list for PBXNativeTarget "CatchLunchTests" */ = {
			isa = XCConfigurationList;
			buildConfigurations = (
				63C448D327C7F37300F7063B /* Debug */,
				63C448D427C7F37300F7063B /* Release */,
			);
			defaultConfigurationIsVisible = 0;
			defaultConfigurationName = Release;
		};
		63C448E227C7F38800F7063B /* Build configuration list for PBXNativeTarget "CatchLunchUITests" */ = {
			isa = XCConfigurationList;
			buildConfigurations = (
				63C448E327C7F38800F7063B /* Debug */,
				63C448E427C7F38800F7063B /* Release */,
			);
			defaultConfigurationIsVisible = 0;
			defaultConfigurationName = Release;
		};
		63F0271527C7F2A900680D0B /* Build configuration list for PBXProject "CatchLunch" */ = {
			isa = XCConfigurationList;
			buildConfigurations = (
				63F0272C27C7F2AA00680D0B /* Debug */,
				63F0272D27C7F2AA00680D0B /* Release */,
			);
			defaultConfigurationIsVisible = 0;
			defaultConfigurationName = Release;
		};
		63F0272E27C7F2AA00680D0B /* Build configuration list for PBXNativeTarget "CatchLunch" */ = {
			isa = XCConfigurationList;
			buildConfigurations = (
				63F0272F27C7F2AA00680D0B /* Debug */,
				63F0273027C7F2AA00680D0B /* Release */,
			);
			defaultConfigurationIsVisible = 0;
			defaultConfigurationName = Release;
		};
/* End XCConfigurationList section */

/* Begin XCVersionGroup section */
		634C229327DB8B170011EDBB /* CatchLunch.xcdatamodeld */ = {
			isa = XCVersionGroup;
			children = (
				634C229427DB8B170011EDBB /* Restaurants.xcdatamodel */,
			);
			currentVersion = 634C229427DB8B170011EDBB /* Restaurants.xcdatamodel */;
			path = CatchLunch.xcdatamodeld;
			sourceTree = "<group>";
			versionGroupType = wrapper.xcdatamodel;
		};
/* End XCVersionGroup section */
	};
	rootObject = 63F0271227C7F2A900680D0B /* Project object */;
}
